// !$*UTF8*$!
{
	archiveVersion = 1;
	classes = {
	};
	objectVersion = 51;
	objects = {

/* Begin PBXBuildFile section */
		2BD206EE2DCE8F9991B22954 /* Pods_Koperasi_Astra.framework in Frameworks */ = {isa = PBXBuildFile; fileRef = 735FF09B353EA0A8ACE868D8 /* Pods_Koperasi_Astra.framework */; };
		EE004DFD26A52F56005A8223 /* ButtonListTableViewCell.swift in Sources */ = {isa = PBXBuildFile; fileRef = EE004DFB26A52F56005A8223 /* ButtonListTableViewCell.swift */; };
		EE004DFE26A52F56005A8223 /* ButtonListTableViewCell.xib in Resources */ = {isa = PBXBuildFile; fileRef = EE004DFC26A52F56005A8223 /* ButtonListTableViewCell.xib */; };
		EE02CF112709C71E0096B25B /* Pulsa.storyboard in Resources */ = {isa = PBXBuildFile; fileRef = EE02CF102709C71E0096B25B /* Pulsa.storyboard */; };
		EE02CF2D2709C73E0096B25B /* Listrik.storyboard in Resources */ = {isa = PBXBuildFile; fileRef = EE02CF2C2709C73E0096B25B /* Listrik.storyboard */; };
		EE02CF302709C75A0096B25B /* Bpjs.storyboard in Resources */ = {isa = PBXBuildFile; fileRef = EE02CF2F2709C75A0096B25B /* Bpjs.storyboard */; };
		EE0AEA94268F392F0049A603 /* AppDelegate.swift in Sources */ = {isa = PBXBuildFile; fileRef = EE0AEA93268F392F0049A603 /* AppDelegate.swift */; };
		EE0AEA9D268F39310049A603 /* Assets.xcassets in Resources */ = {isa = PBXBuildFile; fileRef = EE0AEA9C268F39310049A603 /* Assets.xcassets */; };
		EE13863A26ADA9610014AB97 /* BottomSheet.storyboard in Resources */ = {isa = PBXBuildFile; fileRef = EE13863926ADA9610014AB97 /* BottomSheet.storyboard */; };
		EE13863E26ADA9980014AB97 /* CollectionListViewController.swift in Sources */ = {isa = PBXBuildFile; fileRef = EE13863D26ADA9980014AB97 /* CollectionListViewController.swift */; };
		EE13864426ADAAAF0014AB97 /* ButtonWithImageCollectionViewCell.swift in Sources */ = {isa = PBXBuildFile; fileRef = EE13864226ADAAAF0014AB97 /* ButtonWithImageCollectionViewCell.swift */; };
		EE13864526ADAAAF0014AB97 /* ButtonWithImageCollectionViewCell.xib in Resources */ = {isa = PBXBuildFile; fileRef = EE13864326ADAAAF0014AB97 /* ButtonWithImageCollectionViewCell.xib */; };
		EE24FC4F26A33E0600A44307 /* Home.storyboard in Resources */ = {isa = PBXBuildFile; fileRef = EE24FC4E26A33E0600A44307 /* Home.storyboard */; };
		EE24FC5226A33E8300A44307 /* Service.storyboard in Resources */ = {isa = PBXBuildFile; fileRef = EE24FC5126A33E8300A44307 /* Service.storyboard */; };
		EE24FC5526A33E9000A44307 /* Credit.storyboard in Resources */ = {isa = PBXBuildFile; fileRef = EE24FC5426A33E9000A44307 /* Credit.storyboard */; };
		EE24FC5826A33E9E00A44307 /* User.storyboard in Resources */ = {isa = PBXBuildFile; fileRef = EE24FC5726A33E9E00A44307 /* User.storyboard */; };
		EE24FC5C26A46A2900A44307 /* UserViewController.swift in Sources */ = {isa = PBXBuildFile; fileRef = EE24FC5B26A46A2900A44307 /* UserViewController.swift */; };
		EE24FC6226A46A7500A44307 /* CreditViewController.swift in Sources */ = {isa = PBXBuildFile; fileRef = EE24FC6126A46A7500A44307 /* CreditViewController.swift */; };
		EE24FC6626A46A7F00A44307 /* ServiceViewController.swift in Sources */ = {isa = PBXBuildFile; fileRef = EE24FC6526A46A7F00A44307 /* ServiceViewController.swift */; };
		EE24FC6926A46C1C00A44307 /* DashboardNavigationViewController.swift in Sources */ = {isa = PBXBuildFile; fileRef = EE24FC6826A46C1C00A44307 /* DashboardNavigationViewController.swift */; };
		EE24FC6D26A477D200A44307 /* NavigationBar.swift in Sources */ = {isa = PBXBuildFile; fileRef = EE24FC6C26A477D200A44307 /* NavigationBar.swift */; };
		EE24FC7026A477F400A44307 /* NavigationBar.xib in Resources */ = {isa = PBXBuildFile; fileRef = EE24FC6F26A477F400A44307 /* NavigationBar.xib */; };
		EE24FC7326A4790F00A44307 /* Lato-Bold.ttf in Resources */ = {isa = PBXBuildFile; fileRef = EE24FC7226A4790F00A44307 /* Lato-Bold.ttf */; };
		EE3496A12704DF8E00233C48 /* PersonalDataViewController.swift in Sources */ = {isa = PBXBuildFile; fileRef = EE3496A02704DF8E00233C48 /* PersonalDataViewController.swift */; };
		EE3496A42704E61700233C48 /* ListTransaksiViewController.swift in Sources */ = {isa = PBXBuildFile; fileRef = EE3496A32704E61700233C48 /* ListTransaksiViewController.swift */; };
		EE3496A72704E62800233C48 /* ListPinjamanViewController.swift in Sources */ = {isa = PBXBuildFile; fileRef = EE3496A62704E62800233C48 /* ListPinjamanViewController.swift */; };
		EE3496AA2704E63600233C48 /* ContactUsViewController.swift in Sources */ = {isa = PBXBuildFile; fileRef = EE3496A92704E63600233C48 /* ContactUsViewController.swift */; };
		EE3496AD2704E64500233C48 /* AboutUsViewController.swift in Sources */ = {isa = PBXBuildFile; fileRef = EE3496AC2704E64500233C48 /* AboutUsViewController.swift */; };
		EE3496B02704E65300233C48 /* ChangePasswordViewController.swift in Sources */ = {isa = PBXBuildFile; fileRef = EE3496AF2704E65300233C48 /* ChangePasswordViewController.swift */; };
		EE3496B32704E66100233C48 /* AddressSetupViewController.swift in Sources */ = {isa = PBXBuildFile; fileRef = EE3496B22704E66100233C48 /* AddressSetupViewController.swift */; };
		EE3496B72704E6E700233C48 /* ListTransaksiCollectionViewCell.swift in Sources */ = {isa = PBXBuildFile; fileRef = EE3496B52704E6E700233C48 /* ListTransaksiCollectionViewCell.swift */; };
		EE3496B82704E6E700233C48 /* ListTransaksiCollectionViewCell.xib in Resources */ = {isa = PBXBuildFile; fileRef = EE3496B62704E6E700233C48 /* ListTransaksiCollectionViewCell.xib */; };
		EE3496BC2704E6FA00233C48 /* AddressCollectionViewCell.swift in Sources */ = {isa = PBXBuildFile; fileRef = EE3496BA2704E6FA00233C48 /* AddressCollectionViewCell.swift */; };
		EE3496BD2704E6FA00233C48 /* AddressCollectionViewCell.xib in Resources */ = {isa = PBXBuildFile; fileRef = EE3496BB2704E6FA00233C48 /* AddressCollectionViewCell.xib */; };
		EE3496C12704E70B00233C48 /* ListPinjamanCollectionViewCell.swift in Sources */ = {isa = PBXBuildFile; fileRef = EE3496BF2704E70B00233C48 /* ListPinjamanCollectionViewCell.swift */; };
		EE3496C22704E70B00233C48 /* ListPinjamanCollectionViewCell.xib in Resources */ = {isa = PBXBuildFile; fileRef = EE3496C02704E70B00233C48 /* ListPinjamanCollectionViewCell.xib */; };
		EE3790122713FF040064A563 /* BillerViewModel.swift in Sources */ = {isa = PBXBuildFile; fileRef = EE3790112713FF040064A563 /* BillerViewModel.swift */; };
		EE3790142713FF5A0064A563 /* PhoneOperator.swift in Sources */ = {isa = PBXBuildFile; fileRef = EE3790132713FF5A0064A563 /* PhoneOperator.swift */; };
		EE3863D726A861DE0093DC79 /* Authentication.swift in Sources */ = {isa = PBXBuildFile; fileRef = EE3863D626A861DE0093DC79 /* Authentication.swift */; };
		EE3863DA26A869F30093DC79 /* UITextField.swift in Sources */ = {isa = PBXBuildFile; fileRef = EE3863D926A869F30093DC79 /* UITextField.swift */; };
		EE43F1502695C522002C6C8A /* LaunchScreenViewController.swift in Sources */ = {isa = PBXBuildFile; fileRef = EE43F14F2695C522002C6C8A /* LaunchScreenViewController.swift */; };
		EE43F1542695C542002C6C8A /* SplashScreen.storyboard in Resources */ = {isa = PBXBuildFile; fileRef = EE43F1532695C542002C6C8A /* SplashScreen.storyboard */; };
		EE43F1582695C59C002C6C8A /* ApiHelper.swift in Sources */ = {isa = PBXBuildFile; fileRef = EE43F1572695C59C002C6C8A /* ApiHelper.swift */; };
		EE43F15B2695C5F7002C6C8A /* Constants.swift in Sources */ = {isa = PBXBuildFile; fileRef = EE43F15A2695C5F7002C6C8A /* Constants.swift */; };
		EE43F15E2695C989002C6C8A /* UserAuthViewModel.swift in Sources */ = {isa = PBXBuildFile; fileRef = EE43F15D2695C989002C6C8A /* UserAuthViewModel.swift */; };
		EE43F1622695CA23002C6C8A /* CardView.swift in Sources */ = {isa = PBXBuildFile; fileRef = EE43F1602695CA23002C6C8A /* CardView.swift */; };
		EE43F1632695CA23002C6C8A /* ButtonTemplate.swift in Sources */ = {isa = PBXBuildFile; fileRef = EE43F1612695CA23002C6C8A /* ButtonTemplate.swift */; };
		EE43F1782695CAE8002C6C8A /* Poppins-Regular.otf in Resources */ = {isa = PBXBuildFile; fileRef = EE43F1662695CAE4002C6C8A /* Poppins-Regular.otf */; };
		EE43F1792695CAE8002C6C8A /* Poppins-SemiBoldItalic.otf in Resources */ = {isa = PBXBuildFile; fileRef = EE43F1672695CAE4002C6C8A /* Poppins-SemiBoldItalic.otf */; };
		EE43F17A2695CAE8002C6C8A /* Poppins-Thin.otf in Resources */ = {isa = PBXBuildFile; fileRef = EE43F1682695CAE5002C6C8A /* Poppins-Thin.otf */; };
		EE43F17B2695CAE8002C6C8A /* Poppins-Italic.otf in Resources */ = {isa = PBXBuildFile; fileRef = EE43F1692695CAE5002C6C8A /* Poppins-Italic.otf */; };
		EE43F17C2695CAE8002C6C8A /* Poppins-BoldItalic.otf in Resources */ = {isa = PBXBuildFile; fileRef = EE43F16A2695CAE5002C6C8A /* Poppins-BoldItalic.otf */; };
		EE43F17D2695CAE8002C6C8A /* Poppins-Bold.otf in Resources */ = {isa = PBXBuildFile; fileRef = EE43F16B2695CAE5002C6C8A /* Poppins-Bold.otf */; };
		EE43F17E2695CAE8002C6C8A /* Poppins-MediumItalic.otf in Resources */ = {isa = PBXBuildFile; fileRef = EE43F16C2695CAE6002C6C8A /* Poppins-MediumItalic.otf */; };
		EE43F17F2695CAE8002C6C8A /* Poppins-ThinItalic.otf in Resources */ = {isa = PBXBuildFile; fileRef = EE43F16D2695CAE6002C6C8A /* Poppins-ThinItalic.otf */; };
		EE43F1802695CAE8002C6C8A /* Poppins-Black.otf in Resources */ = {isa = PBXBuildFile; fileRef = EE43F16E2695CAE6002C6C8A /* Poppins-Black.otf */; };
		EE43F1812695CAE8002C6C8A /* Poppins-LightItalic.otf in Resources */ = {isa = PBXBuildFile; fileRef = EE43F16F2695CAE6002C6C8A /* Poppins-LightItalic.otf */; };
		EE43F1822695CAE8002C6C8A /* Poppins-ExtraLightItalic.otf in Resources */ = {isa = PBXBuildFile; fileRef = EE43F1702695CAE7002C6C8A /* Poppins-ExtraLightItalic.otf */; };
		EE43F1832695CAE8002C6C8A /* Poppins-ExtraLight.otf in Resources */ = {isa = PBXBuildFile; fileRef = EE43F1712695CAE7002C6C8A /* Poppins-ExtraLight.otf */; };
		EE43F1842695CAE8002C6C8A /* Poppins-Medium.otf in Resources */ = {isa = PBXBuildFile; fileRef = EE43F1722695CAE7002C6C8A /* Poppins-Medium.otf */; };
		EE43F1852695CAE8002C6C8A /* Poppins-BlackItalic.otf in Resources */ = {isa = PBXBuildFile; fileRef = EE43F1732695CAE7002C6C8A /* Poppins-BlackItalic.otf */; };
		EE43F1862695CAE8002C6C8A /* Poppins-ExtraBoldItalic.otf in Resources */ = {isa = PBXBuildFile; fileRef = EE43F1742695CAE8002C6C8A /* Poppins-ExtraBoldItalic.otf */; };
		EE43F1872695CAE8002C6C8A /* Poppins-SemiBold.otf in Resources */ = {isa = PBXBuildFile; fileRef = EE43F1752695CAE8002C6C8A /* Poppins-SemiBold.otf */; };
		EE43F1882695CAE8002C6C8A /* Poppins-Light.otf in Resources */ = {isa = PBXBuildFile; fileRef = EE43F1762695CAE8002C6C8A /* Poppins-Light.otf */; };
		EE43F1892695CAE8002C6C8A /* Poppins-ExtraBold.otf in Resources */ = {isa = PBXBuildFile; fileRef = EE43F1772695CAE8002C6C8A /* Poppins-ExtraBold.otf */; };
		EE43F18F269E8D39002C6C8A /* BaseViewController.swift in Sources */ = {isa = PBXBuildFile; fileRef = EE43F18E269E8D39002C6C8A /* BaseViewController.swift */; };
		EE43F192269E8DA8002C6C8A /* Reachability.swift in Sources */ = {isa = PBXBuildFile; fileRef = EE43F191269E8DA8002C6C8A /* Reachability.swift */; };
		EE43F196269E908B002C6C8A /* GradientView.swift in Sources */ = {isa = PBXBuildFile; fileRef = EE43F195269E908B002C6C8A /* GradientView.swift */; };
		EE43F199269E98C3002C6C8A /* RegisterSuccessViewController.swift in Sources */ = {isa = PBXBuildFile; fileRef = EE43F198269E98C3002C6C8A /* RegisterSuccessViewController.swift */; };
		EE608BE0271089C8002BC9DB /* AuthCheck.swift in Sources */ = {isa = PBXBuildFile; fileRef = EE608BDF271089C8002BC9DB /* AuthCheck.swift */; };
		EE608BE227108EF3002BC9DB /* BaseResponse.swift in Sources */ = {isa = PBXBuildFile; fileRef = EE608BE127108EF3002BC9DB /* BaseResponse.swift */; };
		EE608BE42710928B002BC9DB /* User.swift in Sources */ = {isa = PBXBuildFile; fileRef = EE608BE32710928B002BC9DB /* User.swift */; };
		EE608BE62710929E002BC9DB /* Profile.swift in Sources */ = {isa = PBXBuildFile; fileRef = EE608BE52710929E002BC9DB /* Profile.swift */; };
		EE608BE8271092A9002BC9DB /* Company.swift in Sources */ = {isa = PBXBuildFile; fileRef = EE608BE7271092A9002BC9DB /* Company.swift */; };
		EE608BEA2710972A002BC9DB /* UserDetail.swift in Sources */ = {isa = PBXBuildFile; fileRef = EE608BE927109729002BC9DB /* UserDetail.swift */; };
		EE608BEC27133DEE002BC9DB /* UIImageView.swift in Sources */ = {isa = PBXBuildFile; fileRef = EE608BEB27133DEE002BC9DB /* UIImageView.swift */; };
		EE6B674A2717D6F800F1DAED /* PulsaList.swift in Sources */ = {isa = PBXBuildFile; fileRef = EE6B67492717D6F800F1DAED /* PulsaList.swift */; };
		EE6B674C2717D7F200F1DAED /* Trace.swift in Sources */ = {isa = PBXBuildFile; fileRef = EE6B674B2717D7F100F1DAED /* Trace.swift */; };
		EE6B674E2717D80400F1DAED /* PulsaDetails.swift in Sources */ = {isa = PBXBuildFile; fileRef = EE6B674D2717D80400F1DAED /* PulsaDetails.swift */; };
		EE6B67502717D96F00F1DAED /* AdditionalData.swift in Sources */ = {isa = PBXBuildFile; fileRef = EE6B674F2717D96F00F1DAED /* AdditionalData.swift */; };
		EE6B67522717D97700F1DAED /* BillDetails.swift in Sources */ = {isa = PBXBuildFile; fileRef = EE6B67512717D97700F1DAED /* BillDetails.swift */; };
		EE6B67542717D9AE00F1DAED /* bodyBillDetails.swift in Sources */ = {isa = PBXBuildFile; fileRef = EE6B67532717D9AE00F1DAED /* bodyBillDetails.swift */; };
		EE7660DC2709C9F90045510E /* Air.storyboard in Resources */ = {isa = PBXBuildFile; fileRef = EE7660DB2709C9F90045510E /* Air.storyboard */; };
		EE7660FB2709CC020045510E /* InfoPulsaViewController.swift in Sources */ = {isa = PBXBuildFile; fileRef = EE7660FA2709CC020045510E /* InfoPulsaViewController.swift */; };
		EE7660FF2709CC130045510E /* InputPhoneNumberViewController.swift in Sources */ = {isa = PBXBuildFile; fileRef = EE7660FE2709CC130045510E /* InputPhoneNumberViewController.swift */; };
		EE7661022709CC230045510E /* PaymentOptionPulsaViewController.swift in Sources */ = {isa = PBXBuildFile; fileRef = EE7661012709CC230045510E /* PaymentOptionPulsaViewController.swift */; };
		EE7661052709CC310045510E /* PaymentVaViewController.swift in Sources */ = {isa = PBXBuildFile; fileRef = EE7661042709CC310045510E /* PaymentVaViewController.swift */; };
		EE7661082709CC3D0045510E /* PaymentSaldoViewController.swift in Sources */ = {isa = PBXBuildFile; fileRef = EE7661072709CC3D0045510E /* PaymentSaldoViewController.swift */; };
		EE76610B2709CC4A0045510E /* BpjsViewController.swift in Sources */ = {isa = PBXBuildFile; fileRef = EE76610A2709CC4A0045510E /* BpjsViewController.swift */; };
		EE76610E2709CC550045510E /* BpjsDetailInfoViewController.swift in Sources */ = {isa = PBXBuildFile; fileRef = EE76610D2709CC550045510E /* BpjsDetailInfoViewController.swift */; };
		EE7661112709CC650045510E /* AirViewController.swift in Sources */ = {isa = PBXBuildFile; fileRef = EE7661102709CC650045510E /* AirViewController.swift */; };
		EE7661142709CC740045510E /* ListrikViewController.swift in Sources */ = {isa = PBXBuildFile; fileRef = EE7661132709CC740045510E /* ListrikViewController.swift */; };
		EE7661182709CCC20045510E /* PulsaCollectionViewCell.swift in Sources */ = {isa = PBXBuildFile; fileRef = EE7661162709CCC20045510E /* PulsaCollectionViewCell.swift */; };
		EE7661192709CCC20045510E /* PulsaCollectionViewCell.xib in Resources */ = {isa = PBXBuildFile; fileRef = EE7661172709CCC20045510E /* PulsaCollectionViewCell.xib */; };
		EE76611C270AA4230045510E /* Loan.storyboard in Resources */ = {isa = PBXBuildFile; fileRef = EE76611B270AA4230045510E /* Loan.storyboard */; };
		EE766120270AA4710045510E /* ApplyLoanViewController.swift in Sources */ = {isa = PBXBuildFile; fileRef = EE76611F270AA4710045510E /* ApplyLoanViewController.swift */; };
		EE766123270AA47F0045510E /* LoanDataViewController.swift in Sources */ = {isa = PBXBuildFile; fileRef = EE766122270AA47F0045510E /* LoanDataViewController.swift */; };
		EE766126270AA4910045510E /* LoanFinishViewController.swift in Sources */ = {isa = PBXBuildFile; fileRef = EE766125270AA4910045510E /* LoanFinishViewController.swift */; };
		EE766129270AE0760045510E /* DetailLoanViewController.swift in Sources */ = {isa = PBXBuildFile; fileRef = EE766128270AE0760045510E /* DetailLoanViewController.swift */; };
		EE76612C270AE0B80045510E /* DetailItemViewController.swift in Sources */ = {isa = PBXBuildFile; fileRef = EE76612B270AE0B80045510E /* DetailItemViewController.swift */; };
		EE92928826FD07BA00C675DD /* ListBoxCollectionViewCell.swift in Sources */ = {isa = PBXBuildFile; fileRef = EE92928626FD07BA00C675DD /* ListBoxCollectionViewCell.swift */; };
		EE92928926FD07BA00C675DD /* ListBoxCollectionViewCell.xib in Resources */ = {isa = PBXBuildFile; fileRef = EE92928726FD07BA00C675DD /* ListBoxCollectionViewCell.xib */; };
		EE92928E26FD0B8D00C675DD /* PopupSelectionViewController.xib in Resources */ = {isa = PBXBuildFile; fileRef = EE92928C26FD0B8D00C675DD /* PopupSelectionViewController.xib */; };
		EE92928F26FD0B8D00C675DD /* PopupSelectionViewController.swift in Sources */ = {isa = PBXBuildFile; fileRef = EE92928D26FD0B8D00C675DD /* PopupSelectionViewController.swift */; };
		EEB77D2726AD89B600FAC183 /* Register.swift in Sources */ = {isa = PBXBuildFile; fileRef = EEB77D2626AD89B600FAC183 /* Register.swift */; };
		EEB96CD9270B2FD300F48365 /* AboutAppsViewController.swift in Sources */ = {isa = PBXBuildFile; fileRef = EEB96CD8270B2FD300F48365 /* AboutAppsViewController.swift */; };
		EECE83CB2695BA4800FBCA76 /* Storyboards.swift in Sources */ = {isa = PBXBuildFile; fileRef = EECE83CA2695BA4800FBCA76 /* Storyboards.swift */; };
		EECE83CF2695BA7500FBCA76 /* LoginViewController.swift in Sources */ = {isa = PBXBuildFile; fileRef = EECE83CE2695BA7500FBCA76 /* LoginViewController.swift */; };
		EECE83D22695BA9200FBCA76 /* DashboardViewController.swift in Sources */ = {isa = PBXBuildFile; fileRef = EECE83D12695BA9200FBCA76 /* DashboardViewController.swift */; };
		EECE83D62695BAAE00FBCA76 /* LoginRegister.storyboard in Resources */ = {isa = PBXBuildFile; fileRef = EECE83D52695BAAE00FBCA76 /* LoginRegister.storyboard */; };
		EECE83D92695BABB00FBCA76 /* Dashboard.storyboard in Resources */ = {isa = PBXBuildFile; fileRef = EECE83D82695BABB00FBCA76 /* Dashboard.storyboard */; };
		EECE83DC2695BAF900FBCA76 /* RegisterViewController.swift in Sources */ = {isa = PBXBuildFile; fileRef = EECE83DB2695BAF900FBCA76 /* RegisterViewController.swift */; };
		EECE83E12695BD0900FBCA76 /* Onboarding.storyboard in Resources */ = {isa = PBXBuildFile; fileRef = EECE83E02695BD0900FBCA76 /* Onboarding.storyboard */; };
		EECE83E62695BD3300FBCA76 /* OnboardingViewController.swift in Sources */ = {isa = PBXBuildFile; fileRef = EECE83E52695BD3300FBCA76 /* OnboardingViewController.swift */; };
		EECE83ED2695BD8B00FBCA76 /* OtpViewController.swift in Sources */ = {isa = PBXBuildFile; fileRef = EECE83EC2695BD8B00FBCA76 /* OtpViewController.swift */; };
		EECE83F02695BDAD00FBCA76 /* ForgotPasswordViewController.swift in Sources */ = {isa = PBXBuildFile; fileRef = EECE83EF2695BDAD00FBCA76 /* ForgotPasswordViewController.swift */; };
		EECE83F52695BE5200FBCA76 /* TermsConditionsViewController.swift in Sources */ = {isa = PBXBuildFile; fileRef = EECE83F42695BE5200FBCA76 /* TermsConditionsViewController.swift */; };
		EECE83F82695BE7800FBCA76 /* HomeViewController.swift in Sources */ = {isa = PBXBuildFile; fileRef = EECE83F72695BE7800FBCA76 /* HomeViewController.swift */; };
		EEF21B30271C386A00AD419B /* LoanViewModel.swift in Sources */ = {isa = PBXBuildFile; fileRef = EEF21B2F271C386A00AD419B /* LoanViewModel.swift */; };
		EEF21B32271C38A300AD419B /* MicroloanBalance.swift in Sources */ = {isa = PBXBuildFile; fileRef = EEF21B31271C38A300AD419B /* MicroloanBalance.swift */; };
		EEF21B34271D320600AD419B /* MasterDataViewModel.swift in Sources */ = {isa = PBXBuildFile; fileRef = EEF21B33271D320600AD419B /* MasterDataViewModel.swift */; };
		EEF21B36271D323E00AD419B /* MasterCompany.swift in Sources */ = {isa = PBXBuildFile; fileRef = EEF21B35271D323E00AD419B /* MasterCompany.swift */; };
		EEFE5158270F3CD700B8FF37 /* UserTransaction.storyboard in Resources */ = {isa = PBXBuildFile; fileRef = EEFE5157270F3CD700B8FF37 /* UserTransaction.storyboard */; };
		EEFE515B270F5D7A00B8FF37 /* PopupAlertViewController.swift in Sources */ = {isa = PBXBuildFile; fileRef = EEFE5159270F5D7A00B8FF37 /* PopupAlertViewController.swift */; };
		EEFE515C270F5D7A00B8FF37 /* PopupAlertViewController.xib in Resources */ = {isa = PBXBuildFile; fileRef = EEFE515A270F5D7A00B8FF37 /* PopupAlertViewController.xib */; };
/* End PBXBuildFile section */

/* Begin PBXFileReference section */
		735FF09B353EA0A8ACE868D8 /* Pods_Koperasi_Astra.framework */ = {isa = PBXFileReference; explicitFileType = wrapper.framework; includeInIndex = 0; path = Pods_Koperasi_Astra.framework; sourceTree = BUILT_PRODUCTS_DIR; };
		AA27E239561319B2F8F9EDD7 /* Pods-Koperasi Astra.debug.xcconfig */ = {isa = PBXFileReference; includeInIndex = 1; lastKnownFileType = text.xcconfig; name = "Pods-Koperasi Astra.debug.xcconfig"; path = "Target Support Files/Pods-Koperasi Astra/Pods-Koperasi Astra.debug.xcconfig"; sourceTree = "<group>"; };
		E2393E63911ECBFD90B8C1C8 /* Pods-Koperasi Astra.release.xcconfig */ = {isa = PBXFileReference; includeInIndex = 1; lastKnownFileType = text.xcconfig; name = "Pods-Koperasi Astra.release.xcconfig"; path = "Target Support Files/Pods-Koperasi Astra/Pods-Koperasi Astra.release.xcconfig"; sourceTree = "<group>"; };
		EE004DFB26A52F56005A8223 /* ButtonListTableViewCell.swift */ = {isa = PBXFileReference; lastKnownFileType = sourcecode.swift; path = ButtonListTableViewCell.swift; sourceTree = "<group>"; };
		EE004DFC26A52F56005A8223 /* ButtonListTableViewCell.xib */ = {isa = PBXFileReference; lastKnownFileType = file.xib; path = ButtonListTableViewCell.xib; sourceTree = "<group>"; };
		EE02CF102709C71E0096B25B /* Pulsa.storyboard */ = {isa = PBXFileReference; lastKnownFileType = file.storyboard; path = Pulsa.storyboard; sourceTree = "<group>"; };
		EE02CF2C2709C73E0096B25B /* Listrik.storyboard */ = {isa = PBXFileReference; lastKnownFileType = file.storyboard; path = Listrik.storyboard; sourceTree = "<group>"; };
		EE02CF2F2709C75A0096B25B /* Bpjs.storyboard */ = {isa = PBXFileReference; lastKnownFileType = file.storyboard; path = Bpjs.storyboard; sourceTree = "<group>"; };
		EE0AEA90268F392F0049A603 /* Koperasi Astra.app */ = {isa = PBXFileReference; explicitFileType = wrapper.application; includeInIndex = 0; path = "Koperasi Astra.app"; sourceTree = BUILT_PRODUCTS_DIR; };
		EE0AEA93268F392F0049A603 /* AppDelegate.swift */ = {isa = PBXFileReference; lastKnownFileType = sourcecode.swift; path = AppDelegate.swift; sourceTree = "<group>"; };
		EE0AEA9C268F39310049A603 /* Assets.xcassets */ = {isa = PBXFileReference; lastKnownFileType = folder.assetcatalog; path = Assets.xcassets; sourceTree = "<group>"; };
		EE0AEAA1268F39310049A603 /* Info.plist */ = {isa = PBXFileReference; lastKnownFileType = text.plist.xml; path = Info.plist; sourceTree = "<group>"; };
		EE13863926ADA9610014AB97 /* BottomSheet.storyboard */ = {isa = PBXFileReference; lastKnownFileType = file.storyboard; path = BottomSheet.storyboard; sourceTree = "<group>"; };
		EE13863D26ADA9980014AB97 /* CollectionListViewController.swift */ = {isa = PBXFileReference; lastKnownFileType = sourcecode.swift; path = CollectionListViewController.swift; sourceTree = "<group>"; };
		EE13864226ADAAAF0014AB97 /* ButtonWithImageCollectionViewCell.swift */ = {isa = PBXFileReference; lastKnownFileType = sourcecode.swift; path = ButtonWithImageCollectionViewCell.swift; sourceTree = "<group>"; };
		EE13864326ADAAAF0014AB97 /* ButtonWithImageCollectionViewCell.xib */ = {isa = PBXFileReference; lastKnownFileType = file.xib; path = ButtonWithImageCollectionViewCell.xib; sourceTree = "<group>"; };
		EE24FC4E26A33E0600A44307 /* Home.storyboard */ = {isa = PBXFileReference; lastKnownFileType = file.storyboard; path = Home.storyboard; sourceTree = "<group>"; };
		EE24FC5126A33E8300A44307 /* Service.storyboard */ = {isa = PBXFileReference; lastKnownFileType = file.storyboard; path = Service.storyboard; sourceTree = "<group>"; };
		EE24FC5426A33E9000A44307 /* Credit.storyboard */ = {isa = PBXFileReference; lastKnownFileType = file.storyboard; path = Credit.storyboard; sourceTree = "<group>"; };
		EE24FC5726A33E9E00A44307 /* User.storyboard */ = {isa = PBXFileReference; lastKnownFileType = file.storyboard; path = User.storyboard; sourceTree = "<group>"; };
		EE24FC5B26A46A2900A44307 /* UserViewController.swift */ = {isa = PBXFileReference; lastKnownFileType = sourcecode.swift; path = UserViewController.swift; sourceTree = "<group>"; };
		EE24FC6126A46A7500A44307 /* CreditViewController.swift */ = {isa = PBXFileReference; lastKnownFileType = sourcecode.swift; path = CreditViewController.swift; sourceTree = "<group>"; };
		EE24FC6526A46A7F00A44307 /* ServiceViewController.swift */ = {isa = PBXFileReference; lastKnownFileType = sourcecode.swift; path = ServiceViewController.swift; sourceTree = "<group>"; };
		EE24FC6826A46C1C00A44307 /* DashboardNavigationViewController.swift */ = {isa = PBXFileReference; lastKnownFileType = sourcecode.swift; path = DashboardNavigationViewController.swift; sourceTree = "<group>"; };
		EE24FC6C26A477D200A44307 /* NavigationBar.swift */ = {isa = PBXFileReference; lastKnownFileType = sourcecode.swift; path = NavigationBar.swift; sourceTree = "<group>"; };
		EE24FC6F26A477F400A44307 /* NavigationBar.xib */ = {isa = PBXFileReference; lastKnownFileType = file.xib; path = NavigationBar.xib; sourceTree = "<group>"; };
		EE24FC7226A4790F00A44307 /* Lato-Bold.ttf */ = {isa = PBXFileReference; lastKnownFileType = file; path = "Lato-Bold.ttf"; sourceTree = "<group>"; };
		EE3496A02704DF8E00233C48 /* PersonalDataViewController.swift */ = {isa = PBXFileReference; lastKnownFileType = sourcecode.swift; path = PersonalDataViewController.swift; sourceTree = "<group>"; };
		EE3496A32704E61700233C48 /* ListTransaksiViewController.swift */ = {isa = PBXFileReference; lastKnownFileType = sourcecode.swift; path = ListTransaksiViewController.swift; sourceTree = "<group>"; };
		EE3496A62704E62800233C48 /* ListPinjamanViewController.swift */ = {isa = PBXFileReference; lastKnownFileType = sourcecode.swift; path = ListPinjamanViewController.swift; sourceTree = "<group>"; };
		EE3496A92704E63600233C48 /* ContactUsViewController.swift */ = {isa = PBXFileReference; lastKnownFileType = sourcecode.swift; path = ContactUsViewController.swift; sourceTree = "<group>"; };
		EE3496AC2704E64500233C48 /* AboutUsViewController.swift */ = {isa = PBXFileReference; lastKnownFileType = sourcecode.swift; path = AboutUsViewController.swift; sourceTree = "<group>"; };
		EE3496AF2704E65300233C48 /* ChangePasswordViewController.swift */ = {isa = PBXFileReference; lastKnownFileType = sourcecode.swift; path = ChangePasswordViewController.swift; sourceTree = "<group>"; };
		EE3496B22704E66100233C48 /* AddressSetupViewController.swift */ = {isa = PBXFileReference; lastKnownFileType = sourcecode.swift; path = AddressSetupViewController.swift; sourceTree = "<group>"; };
		EE3496B52704E6E700233C48 /* ListTransaksiCollectionViewCell.swift */ = {isa = PBXFileReference; lastKnownFileType = sourcecode.swift; path = ListTransaksiCollectionViewCell.swift; sourceTree = "<group>"; };
		EE3496B62704E6E700233C48 /* ListTransaksiCollectionViewCell.xib */ = {isa = PBXFileReference; lastKnownFileType = file.xib; path = ListTransaksiCollectionViewCell.xib; sourceTree = "<group>"; };
		EE3496BA2704E6FA00233C48 /* AddressCollectionViewCell.swift */ = {isa = PBXFileReference; lastKnownFileType = sourcecode.swift; path = AddressCollectionViewCell.swift; sourceTree = "<group>"; };
		EE3496BB2704E6FA00233C48 /* AddressCollectionViewCell.xib */ = {isa = PBXFileReference; lastKnownFileType = file.xib; path = AddressCollectionViewCell.xib; sourceTree = "<group>"; };
		EE3496BF2704E70B00233C48 /* ListPinjamanCollectionViewCell.swift */ = {isa = PBXFileReference; lastKnownFileType = sourcecode.swift; path = ListPinjamanCollectionViewCell.swift; sourceTree = "<group>"; };
		EE3496C02704E70B00233C48 /* ListPinjamanCollectionViewCell.xib */ = {isa = PBXFileReference; lastKnownFileType = file.xib; path = ListPinjamanCollectionViewCell.xib; sourceTree = "<group>"; };
		EE3790112713FF040064A563 /* BillerViewModel.swift */ = {isa = PBXFileReference; lastKnownFileType = sourcecode.swift; path = BillerViewModel.swift; sourceTree = "<group>"; };
		EE3790132713FF5A0064A563 /* PhoneOperator.swift */ = {isa = PBXFileReference; lastKnownFileType = sourcecode.swift; path = PhoneOperator.swift; sourceTree = "<group>"; };
		EE3863D626A861DE0093DC79 /* Authentication.swift */ = {isa = PBXFileReference; lastKnownFileType = sourcecode.swift; path = Authentication.swift; sourceTree = "<group>"; };
		EE3863D926A869F30093DC79 /* UITextField.swift */ = {isa = PBXFileReference; lastKnownFileType = sourcecode.swift; path = UITextField.swift; sourceTree = "<group>"; };
		EE43F14F2695C522002C6C8A /* LaunchScreenViewController.swift */ = {isa = PBXFileReference; lastKnownFileType = sourcecode.swift; path = LaunchScreenViewController.swift; sourceTree = "<group>"; };
		EE43F1532695C542002C6C8A /* SplashScreen.storyboard */ = {isa = PBXFileReference; lastKnownFileType = file.storyboard; path = SplashScreen.storyboard; sourceTree = "<group>"; };
		EE43F1572695C59C002C6C8A /* ApiHelper.swift */ = {isa = PBXFileReference; lastKnownFileType = sourcecode.swift; path = ApiHelper.swift; sourceTree = "<group>"; };
		EE43F15A2695C5F7002C6C8A /* Constants.swift */ = {isa = PBXFileReference; lastKnownFileType = sourcecode.swift; path = Constants.swift; sourceTree = "<group>"; };
		EE43F15D2695C989002C6C8A /* UserAuthViewModel.swift */ = {isa = PBXFileReference; lastKnownFileType = sourcecode.swift; path = UserAuthViewModel.swift; sourceTree = "<group>"; };
		EE43F1602695CA23002C6C8A /* CardView.swift */ = {isa = PBXFileReference; fileEncoding = 4; lastKnownFileType = sourcecode.swift; path = CardView.swift; sourceTree = "<group>"; };
		EE43F1612695CA23002C6C8A /* ButtonTemplate.swift */ = {isa = PBXFileReference; fileEncoding = 4; lastKnownFileType = sourcecode.swift; path = ButtonTemplate.swift; sourceTree = "<group>"; };
		EE43F1662695CAE4002C6C8A /* Poppins-Regular.otf */ = {isa = PBXFileReference; lastKnownFileType = file; path = "Poppins-Regular.otf"; sourceTree = "<group>"; };
		EE43F1672695CAE4002C6C8A /* Poppins-SemiBoldItalic.otf */ = {isa = PBXFileReference; lastKnownFileType = file; path = "Poppins-SemiBoldItalic.otf"; sourceTree = "<group>"; };
		EE43F1682695CAE5002C6C8A /* Poppins-Thin.otf */ = {isa = PBXFileReference; lastKnownFileType = file; path = "Poppins-Thin.otf"; sourceTree = "<group>"; };
		EE43F1692695CAE5002C6C8A /* Poppins-Italic.otf */ = {isa = PBXFileReference; lastKnownFileType = file; path = "Poppins-Italic.otf"; sourceTree = "<group>"; };
		EE43F16A2695CAE5002C6C8A /* Poppins-BoldItalic.otf */ = {isa = PBXFileReference; lastKnownFileType = file; path = "Poppins-BoldItalic.otf"; sourceTree = "<group>"; };
		EE43F16B2695CAE5002C6C8A /* Poppins-Bold.otf */ = {isa = PBXFileReference; lastKnownFileType = file; path = "Poppins-Bold.otf"; sourceTree = "<group>"; };
		EE43F16C2695CAE6002C6C8A /* Poppins-MediumItalic.otf */ = {isa = PBXFileReference; lastKnownFileType = file; path = "Poppins-MediumItalic.otf"; sourceTree = "<group>"; };
		EE43F16D2695CAE6002C6C8A /* Poppins-ThinItalic.otf */ = {isa = PBXFileReference; lastKnownFileType = file; path = "Poppins-ThinItalic.otf"; sourceTree = "<group>"; };
		EE43F16E2695CAE6002C6C8A /* Poppins-Black.otf */ = {isa = PBXFileReference; lastKnownFileType = file; path = "Poppins-Black.otf"; sourceTree = "<group>"; };
		EE43F16F2695CAE6002C6C8A /* Poppins-LightItalic.otf */ = {isa = PBXFileReference; lastKnownFileType = file; path = "Poppins-LightItalic.otf"; sourceTree = "<group>"; };
		EE43F1702695CAE7002C6C8A /* Poppins-ExtraLightItalic.otf */ = {isa = PBXFileReference; lastKnownFileType = file; path = "Poppins-ExtraLightItalic.otf"; sourceTree = "<group>"; };
		EE43F1712695CAE7002C6C8A /* Poppins-ExtraLight.otf */ = {isa = PBXFileReference; lastKnownFileType = file; path = "Poppins-ExtraLight.otf"; sourceTree = "<group>"; };
		EE43F1722695CAE7002C6C8A /* Poppins-Medium.otf */ = {isa = PBXFileReference; lastKnownFileType = file; path = "Poppins-Medium.otf"; sourceTree = "<group>"; };
		EE43F1732695CAE7002C6C8A /* Poppins-BlackItalic.otf */ = {isa = PBXFileReference; lastKnownFileType = file; path = "Poppins-BlackItalic.otf"; sourceTree = "<group>"; };
		EE43F1742695CAE8002C6C8A /* Poppins-ExtraBoldItalic.otf */ = {isa = PBXFileReference; lastKnownFileType = file; path = "Poppins-ExtraBoldItalic.otf"; sourceTree = "<group>"; };
		EE43F1752695CAE8002C6C8A /* Poppins-SemiBold.otf */ = {isa = PBXFileReference; lastKnownFileType = file; path = "Poppins-SemiBold.otf"; sourceTree = "<group>"; };
		EE43F1762695CAE8002C6C8A /* Poppins-Light.otf */ = {isa = PBXFileReference; lastKnownFileType = file; path = "Poppins-Light.otf"; sourceTree = "<group>"; };
		EE43F1772695CAE8002C6C8A /* Poppins-ExtraBold.otf */ = {isa = PBXFileReference; lastKnownFileType = file; path = "Poppins-ExtraBold.otf"; sourceTree = "<group>"; };
		EE43F18E269E8D39002C6C8A /* BaseViewController.swift */ = {isa = PBXFileReference; lastKnownFileType = sourcecode.swift; path = BaseViewController.swift; sourceTree = "<group>"; };
		EE43F191269E8DA8002C6C8A /* Reachability.swift */ = {isa = PBXFileReference; lastKnownFileType = sourcecode.swift; path = Reachability.swift; sourceTree = "<group>"; };
		EE43F195269E908B002C6C8A /* GradientView.swift */ = {isa = PBXFileReference; lastKnownFileType = sourcecode.swift; path = GradientView.swift; sourceTree = "<group>"; };
		EE43F198269E98C3002C6C8A /* RegisterSuccessViewController.swift */ = {isa = PBXFileReference; lastKnownFileType = sourcecode.swift; path = RegisterSuccessViewController.swift; sourceTree = "<group>"; };
		EE608BDF271089C8002BC9DB /* AuthCheck.swift */ = {isa = PBXFileReference; lastKnownFileType = sourcecode.swift; path = AuthCheck.swift; sourceTree = "<group>"; };
		EE608BE127108EF3002BC9DB /* BaseResponse.swift */ = {isa = PBXFileReference; lastKnownFileType = sourcecode.swift; path = BaseResponse.swift; sourceTree = "<group>"; };
		EE608BE32710928B002BC9DB /* User.swift */ = {isa = PBXFileReference; lastKnownFileType = sourcecode.swift; path = User.swift; sourceTree = "<group>"; };
		EE608BE52710929E002BC9DB /* Profile.swift */ = {isa = PBXFileReference; lastKnownFileType = sourcecode.swift; path = Profile.swift; sourceTree = "<group>"; };
		EE608BE7271092A9002BC9DB /* Company.swift */ = {isa = PBXFileReference; lastKnownFileType = sourcecode.swift; path = Company.swift; sourceTree = "<group>"; };
		EE608BE927109729002BC9DB /* UserDetail.swift */ = {isa = PBXFileReference; lastKnownFileType = sourcecode.swift; path = UserDetail.swift; sourceTree = "<group>"; };
		EE608BEB27133DEE002BC9DB /* UIImageView.swift */ = {isa = PBXFileReference; lastKnownFileType = sourcecode.swift; path = UIImageView.swift; sourceTree = "<group>"; };
		EE6B67492717D6F800F1DAED /* PulsaList.swift */ = {isa = PBXFileReference; lastKnownFileType = sourcecode.swift; path = PulsaList.swift; sourceTree = "<group>"; };
		EE6B674B2717D7F100F1DAED /* Trace.swift */ = {isa = PBXFileReference; lastKnownFileType = sourcecode.swift; path = Trace.swift; sourceTree = "<group>"; };
		EE6B674D2717D80400F1DAED /* PulsaDetails.swift */ = {isa = PBXFileReference; lastKnownFileType = sourcecode.swift; path = PulsaDetails.swift; sourceTree = "<group>"; };
		EE6B674F2717D96F00F1DAED /* AdditionalData.swift */ = {isa = PBXFileReference; lastKnownFileType = sourcecode.swift; path = AdditionalData.swift; sourceTree = "<group>"; };
		EE6B67512717D97700F1DAED /* BillDetails.swift */ = {isa = PBXFileReference; lastKnownFileType = sourcecode.swift; path = BillDetails.swift; sourceTree = "<group>"; };
		EE6B67532717D9AE00F1DAED /* bodyBillDetails.swift */ = {isa = PBXFileReference; lastKnownFileType = sourcecode.swift; path = bodyBillDetails.swift; sourceTree = "<group>"; };
		EE7660DB2709C9F90045510E /* Air.storyboard */ = {isa = PBXFileReference; lastKnownFileType = file.storyboard; path = Air.storyboard; sourceTree = "<group>"; };
		EE7660FA2709CC020045510E /* InfoPulsaViewController.swift */ = {isa = PBXFileReference; lastKnownFileType = sourcecode.swift; path = InfoPulsaViewController.swift; sourceTree = "<group>"; };
		EE7660FE2709CC130045510E /* InputPhoneNumberViewController.swift */ = {isa = PBXFileReference; lastKnownFileType = sourcecode.swift; path = InputPhoneNumberViewController.swift; sourceTree = "<group>"; };
		EE7661012709CC230045510E /* PaymentOptionPulsaViewController.swift */ = {isa = PBXFileReference; lastKnownFileType = sourcecode.swift; path = PaymentOptionPulsaViewController.swift; sourceTree = "<group>"; };
		EE7661042709CC310045510E /* PaymentVaViewController.swift */ = {isa = PBXFileReference; lastKnownFileType = sourcecode.swift; path = PaymentVaViewController.swift; sourceTree = "<group>"; };
		EE7661072709CC3D0045510E /* PaymentSaldoViewController.swift */ = {isa = PBXFileReference; lastKnownFileType = sourcecode.swift; path = PaymentSaldoViewController.swift; sourceTree = "<group>"; };
		EE76610A2709CC4A0045510E /* BpjsViewController.swift */ = {isa = PBXFileReference; lastKnownFileType = sourcecode.swift; path = BpjsViewController.swift; sourceTree = "<group>"; };
		EE76610D2709CC550045510E /* BpjsDetailInfoViewController.swift */ = {isa = PBXFileReference; lastKnownFileType = sourcecode.swift; path = BpjsDetailInfoViewController.swift; sourceTree = "<group>"; };
		EE7661102709CC650045510E /* AirViewController.swift */ = {isa = PBXFileReference; lastKnownFileType = sourcecode.swift; path = AirViewController.swift; sourceTree = "<group>"; };
		EE7661132709CC740045510E /* ListrikViewController.swift */ = {isa = PBXFileReference; lastKnownFileType = sourcecode.swift; path = ListrikViewController.swift; sourceTree = "<group>"; };
		EE7661162709CCC20045510E /* PulsaCollectionViewCell.swift */ = {isa = PBXFileReference; lastKnownFileType = sourcecode.swift; path = PulsaCollectionViewCell.swift; sourceTree = "<group>"; };
		EE7661172709CCC20045510E /* PulsaCollectionViewCell.xib */ = {isa = PBXFileReference; lastKnownFileType = file.xib; path = PulsaCollectionViewCell.xib; sourceTree = "<group>"; };
		EE76611B270AA4230045510E /* Loan.storyboard */ = {isa = PBXFileReference; lastKnownFileType = file.storyboard; path = Loan.storyboard; sourceTree = "<group>"; };
		EE76611F270AA4710045510E /* ApplyLoanViewController.swift */ = {isa = PBXFileReference; lastKnownFileType = sourcecode.swift; path = ApplyLoanViewController.swift; sourceTree = "<group>"; };
		EE766122270AA47F0045510E /* LoanDataViewController.swift */ = {isa = PBXFileReference; lastKnownFileType = sourcecode.swift; path = LoanDataViewController.swift; sourceTree = "<group>"; };
		EE766125270AA4910045510E /* LoanFinishViewController.swift */ = {isa = PBXFileReference; lastKnownFileType = sourcecode.swift; path = LoanFinishViewController.swift; sourceTree = "<group>"; };
		EE766128270AE0760045510E /* DetailLoanViewController.swift */ = {isa = PBXFileReference; lastKnownFileType = sourcecode.swift; path = DetailLoanViewController.swift; sourceTree = "<group>"; };
		EE76612B270AE0B80045510E /* DetailItemViewController.swift */ = {isa = PBXFileReference; lastKnownFileType = sourcecode.swift; path = DetailItemViewController.swift; sourceTree = "<group>"; };
		EE92928626FD07BA00C675DD /* ListBoxCollectionViewCell.swift */ = {isa = PBXFileReference; fileEncoding = 4; lastKnownFileType = sourcecode.swift; path = ListBoxCollectionViewCell.swift; sourceTree = "<group>"; };
		EE92928726FD07BA00C675DD /* ListBoxCollectionViewCell.xib */ = {isa = PBXFileReference; fileEncoding = 4; lastKnownFileType = file.xib; path = ListBoxCollectionViewCell.xib; sourceTree = "<group>"; };
		EE92928C26FD0B8D00C675DD /* PopupSelectionViewController.xib */ = {isa = PBXFileReference; fileEncoding = 4; lastKnownFileType = file.xib; path = PopupSelectionViewController.xib; sourceTree = "<group>"; };
		EE92928D26FD0B8D00C675DD /* PopupSelectionViewController.swift */ = {isa = PBXFileReference; fileEncoding = 4; lastKnownFileType = sourcecode.swift; path = PopupSelectionViewController.swift; sourceTree = "<group>"; };
		EEB77D2626AD89B600FAC183 /* Register.swift */ = {isa = PBXFileReference; lastKnownFileType = sourcecode.swift; path = Register.swift; sourceTree = "<group>"; };
		EEB96CD8270B2FD300F48365 /* AboutAppsViewController.swift */ = {isa = PBXFileReference; lastKnownFileType = sourcecode.swift; path = AboutAppsViewController.swift; sourceTree = "<group>"; };
		EECE83CA2695BA4800FBCA76 /* Storyboards.swift */ = {isa = PBXFileReference; lastKnownFileType = sourcecode.swift; path = Storyboards.swift; sourceTree = "<group>"; };
		EECE83CE2695BA7500FBCA76 /* LoginViewController.swift */ = {isa = PBXFileReference; lastKnownFileType = sourcecode.swift; path = LoginViewController.swift; sourceTree = "<group>"; };
		EECE83D12695BA9200FBCA76 /* DashboardViewController.swift */ = {isa = PBXFileReference; lastKnownFileType = sourcecode.swift; path = DashboardViewController.swift; sourceTree = "<group>"; };
		EECE83D52695BAAE00FBCA76 /* LoginRegister.storyboard */ = {isa = PBXFileReference; lastKnownFileType = file.storyboard; path = LoginRegister.storyboard; sourceTree = "<group>"; };
		EECE83D82695BABB00FBCA76 /* Dashboard.storyboard */ = {isa = PBXFileReference; lastKnownFileType = file.storyboard; path = Dashboard.storyboard; sourceTree = "<group>"; };
		EECE83DB2695BAF900FBCA76 /* RegisterViewController.swift */ = {isa = PBXFileReference; lastKnownFileType = sourcecode.swift; path = RegisterViewController.swift; sourceTree = "<group>"; };
		EECE83E02695BD0900FBCA76 /* Onboarding.storyboard */ = {isa = PBXFileReference; lastKnownFileType = file.storyboard; path = Onboarding.storyboard; sourceTree = "<group>"; };
		EECE83E52695BD3300FBCA76 /* OnboardingViewController.swift */ = {isa = PBXFileReference; lastKnownFileType = sourcecode.swift; path = OnboardingViewController.swift; sourceTree = "<group>"; };
		EECE83EC2695BD8B00FBCA76 /* OtpViewController.swift */ = {isa = PBXFileReference; lastKnownFileType = sourcecode.swift; path = OtpViewController.swift; sourceTree = "<group>"; };
		EECE83EF2695BDAD00FBCA76 /* ForgotPasswordViewController.swift */ = {isa = PBXFileReference; lastKnownFileType = sourcecode.swift; path = ForgotPasswordViewController.swift; sourceTree = "<group>"; };
		EECE83F42695BE5200FBCA76 /* TermsConditionsViewController.swift */ = {isa = PBXFileReference; lastKnownFileType = sourcecode.swift; path = TermsConditionsViewController.swift; sourceTree = "<group>"; };
		EECE83F72695BE7800FBCA76 /* HomeViewController.swift */ = {isa = PBXFileReference; lastKnownFileType = sourcecode.swift; path = HomeViewController.swift; sourceTree = "<group>"; };
		EEF21B2F271C386A00AD419B /* LoanViewModel.swift */ = {isa = PBXFileReference; lastKnownFileType = sourcecode.swift; path = LoanViewModel.swift; sourceTree = "<group>"; };
		EEF21B31271C38A300AD419B /* MicroloanBalance.swift */ = {isa = PBXFileReference; lastKnownFileType = sourcecode.swift; path = MicroloanBalance.swift; sourceTree = "<group>"; };
		EEF21B33271D320600AD419B /* MasterDataViewModel.swift */ = {isa = PBXFileReference; lastKnownFileType = sourcecode.swift; path = MasterDataViewModel.swift; sourceTree = "<group>"; };
		EEF21B35271D323E00AD419B /* MasterCompany.swift */ = {isa = PBXFileReference; lastKnownFileType = sourcecode.swift; path = MasterCompany.swift; sourceTree = "<group>"; };
		EEFE5157270F3CD700B8FF37 /* UserTransaction.storyboard */ = {isa = PBXFileReference; lastKnownFileType = file.storyboard; path = UserTransaction.storyboard; sourceTree = "<group>"; };
		EEFE5159270F5D7A00B8FF37 /* PopupAlertViewController.swift */ = {isa = PBXFileReference; lastKnownFileType = sourcecode.swift; path = PopupAlertViewController.swift; sourceTree = "<group>"; };
		EEFE515A270F5D7A00B8FF37 /* PopupAlertViewController.xib */ = {isa = PBXFileReference; lastKnownFileType = file.xib; path = PopupAlertViewController.xib; sourceTree = "<group>"; };
/* End PBXFileReference section */

/* Begin PBXFrameworksBuildPhase section */
		EE0AEA8D268F392F0049A603 /* Frameworks */ = {
			isa = PBXFrameworksBuildPhase;
			buildActionMask = 2147483647;
			files = (
				2BD206EE2DCE8F9991B22954 /* Pods_Koperasi_Astra.framework in Frameworks */,
			);
			runOnlyForDeploymentPostprocessing = 0;
		};
/* End PBXFrameworksBuildPhase section */

/* Begin PBXGroup section */
		1B1426513427AC11F2A860BB /* Pods */ = {
			isa = PBXGroup;
			children = (
				AA27E239561319B2F8F9EDD7 /* Pods-Koperasi Astra.debug.xcconfig */,
				E2393E63911ECBFD90B8C1C8 /* Pods-Koperasi Astra.release.xcconfig */,
			);
			path = Pods;
			sourceTree = "<group>";
		};
		E5E2292F2F65E656C2AB6D9B /* Frameworks */ = {
			isa = PBXGroup;
			children = (
				735FF09B353EA0A8ACE868D8 /* Pods_Koperasi_Astra.framework */,
			);
			name = Frameworks;
			sourceTree = "<group>";
		};
		EE004DF426A52F3C005A8223 /* TableView */ = {
			isa = PBXGroup;
			children = (
				EE004DFB26A52F56005A8223 /* ButtonListTableViewCell.swift */,
				EE004DFC26A52F56005A8223 /* ButtonListTableViewCell.xib */,
			);
			path = TableView;
			sourceTree = "<group>";
		};
		EE02CF0F2709C7030096B25B /* Services */ = {
			isa = PBXGroup;
			children = (
				EE02CF102709C71E0096B25B /* Pulsa.storyboard */,
				EE02CF2C2709C73E0096B25B /* Listrik.storyboard */,
				EE02CF2F2709C75A0096B25B /* Bpjs.storyboard */,
				EE7660DB2709C9F90045510E /* Air.storyboard */,
			);
			path = Services;
			sourceTree = "<group>";
		};
		EE0AEA87268F392F0049A603 = {
			isa = PBXGroup;
			children = (
				EE0AEA92268F392F0049A603 /* Koperasi Astra */,
				EE0AEA91268F392F0049A603 /* Products */,
				1B1426513427AC11F2A860BB /* Pods */,
				E5E2292F2F65E656C2AB6D9B /* Frameworks */,
			);
			sourceTree = "<group>";
		};
		EE0AEA91268F392F0049A603 /* Products */ = {
			isa = PBXGroup;
			children = (
				EE0AEA90268F392F0049A603 /* Koperasi Astra.app */,
			);
			name = Products;
			sourceTree = "<group>";
		};
		EE0AEA92268F392F0049A603 /* Koperasi Astra */ = {
			isa = PBXGroup;
			children = (
				EE0AEA93268F392F0049A603 /* AppDelegate.swift */,
				EE0AEA9C268F39310049A603 /* Assets.xcassets */,
				EE0AEAA1268F39310049A603 /* Info.plist */,
				EE43F1652695CABF002C6C8A /* Fonts */,
				EECE83C92695BA2000FBCA76 /* Configurations */,
				EECE83C82695BA1A00FBCA76 /* Utilities */,
				EECE83C72695BA1000FBCA76 /* Custom Views */,
				EECE83C62695BA0600FBCA76 /* View Models */,
				EECE83C52695B9F100FBCA76 /* Model Data */,
				EECE83C42695B5CE00FBCA76 /* View Controllers */,
				EECE83C32695B5C900FBCA76 /* Storyboards */,
			);
			path = "Koperasi Astra";
			sourceTree = "<group>";
		};
		EE13863C26ADA9860014AB97 /* Bottom Sheet */ = {
			isa = PBXGroup;
			children = (
				EE13863D26ADA9980014AB97 /* CollectionListViewController.swift */,
				EE766128270AE0760045510E /* DetailLoanViewController.swift */,
				EE76612B270AE0B80045510E /* DetailItemViewController.swift */,
			);
			path = "Bottom Sheet";
			sourceTree = "<group>";
		};
		EE13864126ADAA870014AB97 /* CollectionView */ = {
			isa = PBXGroup;
			children = (
				EE92928626FD07BA00C675DD /* ListBoxCollectionViewCell.swift */,
				EE92928726FD07BA00C675DD /* ListBoxCollectionViewCell.xib */,
				EE13864226ADAAAF0014AB97 /* ButtonWithImageCollectionViewCell.swift */,
				EE13864326ADAAAF0014AB97 /* ButtonWithImageCollectionViewCell.xib */,
				EE3496B52704E6E700233C48 /* ListTransaksiCollectionViewCell.swift */,
				EE3496B62704E6E700233C48 /* ListTransaksiCollectionViewCell.xib */,
				EE3496BA2704E6FA00233C48 /* AddressCollectionViewCell.swift */,
				EE3496BB2704E6FA00233C48 /* AddressCollectionViewCell.xib */,
				EE3496BF2704E70B00233C48 /* ListPinjamanCollectionViewCell.swift */,
				EE3496C02704E70B00233C48 /* ListPinjamanCollectionViewCell.xib */,
				EE7661162709CCC20045510E /* PulsaCollectionViewCell.swift */,
				EE7661172709CCC20045510E /* PulsaCollectionViewCell.xib */,
			);
			path = CollectionView;
			sourceTree = "<group>";
		};
		EE24FC5A26A46A1900A44307 /* User */ = {
			isa = PBXGroup;
			children = (
				EE24FC5B26A46A2900A44307 /* UserViewController.swift */,
				EE3496A02704DF8E00233C48 /* PersonalDataViewController.swift */,
				EE3496A32704E61700233C48 /* ListTransaksiViewController.swift */,
				EE3496A62704E62800233C48 /* ListPinjamanViewController.swift */,
				EE3496A92704E63600233C48 /* ContactUsViewController.swift */,
				EE3496AC2704E64500233C48 /* AboutUsViewController.swift */,
				EE3496AF2704E65300233C48 /* ChangePasswordViewController.swift */,
				EE3496B22704E66100233C48 /* AddressSetupViewController.swift */,
				EEB96CD8270B2FD300F48365 /* AboutAppsViewController.swift */,
			);
			path = User;
			sourceTree = "<group>";
		};
		EE24FC5F26A46A6300A44307 /* Credit */ = {
			isa = PBXGroup;
			children = (
				EE24FC6126A46A7500A44307 /* CreditViewController.swift */,
			);
			path = Credit;
			sourceTree = "<group>";
		};
		EE24FC6026A46A6800A44307 /* Service */ = {
			isa = PBXGroup;
			children = (
				EE24FC6526A46A7F00A44307 /* ServiceViewController.swift */,
				EE7660FA2709CC020045510E /* InfoPulsaViewController.swift */,
				EE7660FE2709CC130045510E /* InputPhoneNumberViewController.swift */,
				EE7661012709CC230045510E /* PaymentOptionPulsaViewController.swift */,
				EE7661042709CC310045510E /* PaymentVaViewController.swift */,
				EE7661072709CC3D0045510E /* PaymentSaldoViewController.swift */,
				EE76610A2709CC4A0045510E /* BpjsViewController.swift */,
				EE76610D2709CC550045510E /* BpjsDetailInfoViewController.swift */,
				EE7661102709CC650045510E /* AirViewController.swift */,
				EE7661132709CC740045510E /* ListrikViewController.swift */,
			);
			path = Service;
			sourceTree = "<group>";
		};
		EE24FC6B26A4776F00A44307 /* NavigationBar */ = {
			isa = PBXGroup;
			children = (
				EE24FC6C26A477D200A44307 /* NavigationBar.swift */,
				EE24FC6F26A477F400A44307 /* NavigationBar.xib */,
			);
			path = NavigationBar;
			sourceTree = "<group>";
		};
		EE43F1652695CABF002C6C8A /* Fonts */ = {
			isa = PBXGroup;
			children = (
				EE24FC7226A4790F00A44307 /* Lato-Bold.ttf */,
				EE43F16E2695CAE6002C6C8A /* Poppins-Black.otf */,
				EE43F1732695CAE7002C6C8A /* Poppins-BlackItalic.otf */,
				EE43F16B2695CAE5002C6C8A /* Poppins-Bold.otf */,
				EE43F16A2695CAE5002C6C8A /* Poppins-BoldItalic.otf */,
				EE43F1772695CAE8002C6C8A /* Poppins-ExtraBold.otf */,
				EE43F1742695CAE8002C6C8A /* Poppins-ExtraBoldItalic.otf */,
				EE43F1712695CAE7002C6C8A /* Poppins-ExtraLight.otf */,
				EE43F1702695CAE7002C6C8A /* Poppins-ExtraLightItalic.otf */,
				EE43F1692695CAE5002C6C8A /* Poppins-Italic.otf */,
				EE43F1762695CAE8002C6C8A /* Poppins-Light.otf */,
				EE43F16F2695CAE6002C6C8A /* Poppins-LightItalic.otf */,
				EE43F1722695CAE7002C6C8A /* Poppins-Medium.otf */,
				EE43F16C2695CAE6002C6C8A /* Poppins-MediumItalic.otf */,
				EE43F1662695CAE4002C6C8A /* Poppins-Regular.otf */,
				EE43F1752695CAE8002C6C8A /* Poppins-SemiBold.otf */,
				EE43F1672695CAE4002C6C8A /* Poppins-SemiBoldItalic.otf */,
				EE43F1682695CAE5002C6C8A /* Poppins-Thin.otf */,
				EE43F16D2695CAE6002C6C8A /* Poppins-ThinItalic.otf */,
			);
			path = Fonts;
			sourceTree = "<group>";
		};
		EE76611E270AA4470045510E /* Loan */ = {
			isa = PBXGroup;
			children = (
				EE76611F270AA4710045510E /* ApplyLoanViewController.swift */,
				EE766122270AA47F0045510E /* LoanDataViewController.swift */,
				EE766125270AA4910045510E /* LoanFinishViewController.swift */,
			);
			path = Loan;
			sourceTree = "<group>";
		};
		EE92928B26FD0B8D00C675DD /* PopupView */ = {
			isa = PBXGroup;
			children = (
				EE92928C26FD0B8D00C675DD /* PopupSelectionViewController.xib */,
				EE92928D26FD0B8D00C675DD /* PopupSelectionViewController.swift */,
				EEFE5159270F5D7A00B8FF37 /* PopupAlertViewController.swift */,
				EEFE515A270F5D7A00B8FF37 /* PopupAlertViewController.xib */,
			);
			path = PopupView;
			sourceTree = "<group>";
		};
		EECE83C32695B5C900FBCA76 /* Storyboards */ = {
			isa = PBXGroup;
			children = (
				EEFE5156270F3CC000B8FF37 /* User */,
				EE02CF0F2709C7030096B25B /* Services */,
				EECE83CA2695BA4800FBCA76 /* Storyboards.swift */,
				EECE83D52695BAAE00FBCA76 /* LoginRegister.storyboard */,
				EECE83D82695BABB00FBCA76 /* Dashboard.storyboard */,
				EECE83E02695BD0900FBCA76 /* Onboarding.storyboard */,
				EE43F1532695C542002C6C8A /* SplashScreen.storyboard */,
				EE24FC4E26A33E0600A44307 /* Home.storyboard */,
				EE24FC5126A33E8300A44307 /* Service.storyboard */,
				EE24FC5426A33E9000A44307 /* Credit.storyboard */,
				EE24FC5726A33E9E00A44307 /* User.storyboard */,
				EE13863926ADA9610014AB97 /* BottomSheet.storyboard */,
				EE76611B270AA4230045510E /* Loan.storyboard */,
			);
			path = Storyboards;
			sourceTree = "<group>";
		};
		EECE83C42695B5CE00FBCA76 /* View Controllers */ = {
			isa = PBXGroup;
			children = (
				EE76611E270AA4470045510E /* Loan */,
				EE24FC6026A46A6800A44307 /* Service */,
				EE24FC5F26A46A6300A44307 /* Credit */,
				EE24FC5A26A46A1900A44307 /* User */,
				EE43F18E269E8D39002C6C8A /* BaseViewController.swift */,
				EECE83F22695BDC600FBCA76 /* Home */,
				EECE83E42695BD2400FBCA76 /* Onboarding */,
				EECE83E32695BD0F00FBCA76 /* Login & Register */,
				EE24FC6826A46C1C00A44307 /* DashboardNavigationViewController.swift */,
			);
			path = "View Controllers";
			sourceTree = "<group>";
		};
		EECE83C52695B9F100FBCA76 /* Model Data */ = {
			isa = PBXGroup;
			children = (
				EE3863D626A861DE0093DC79 /* Authentication.swift */,
				EEB77D2626AD89B600FAC183 /* Register.swift */,
				EE608BDF271089C8002BC9DB /* AuthCheck.swift */,
				EE608BE127108EF3002BC9DB /* BaseResponse.swift */,
				EE608BE32710928B002BC9DB /* User.swift */,
				EE608BE52710929E002BC9DB /* Profile.swift */,
				EE608BE7271092A9002BC9DB /* Company.swift */,
				EE608BE927109729002BC9DB /* UserDetail.swift */,
				EE3790132713FF5A0064A563 /* PhoneOperator.swift */,
				EE6B67492717D6F800F1DAED /* PulsaList.swift */,
				EE6B674B2717D7F100F1DAED /* Trace.swift */,
				EE6B674D2717D80400F1DAED /* PulsaDetails.swift */,
				EE6B674F2717D96F00F1DAED /* AdditionalData.swift */,
				EE6B67512717D97700F1DAED /* BillDetails.swift */,
				EE6B67532717D9AE00F1DAED /* bodyBillDetails.swift */,
				EEF21B31271C38A300AD419B /* MicroloanBalance.swift */,
				EEF21B35271D323E00AD419B /* MasterCompany.swift */,
			);
			path = "Model Data";
			sourceTree = "<group>";
		};
		EECE83C62695BA0600FBCA76 /* View Models */ = {
			isa = PBXGroup;
			children = (
				EE43F15D2695C989002C6C8A /* UserAuthViewModel.swift */,
				EE3790112713FF040064A563 /* BillerViewModel.swift */,
				EEF21B2F271C386A00AD419B /* LoanViewModel.swift */,
				EEF21B33271D320600AD419B /* MasterDataViewModel.swift */,
			);
			path = "View Models";
			sourceTree = "<group>";
		};
		EECE83C72695BA1000FBCA76 /* Custom Views */ = {
			isa = PBXGroup;
			children = (
				EE92928B26FD0B8D00C675DD /* PopupView */,
				EE13864126ADAA870014AB97 /* CollectionView */,
				EE13863C26ADA9860014AB97 /* Bottom Sheet */,
				EE004DF426A52F3C005A8223 /* TableView */,
				EE24FC6B26A4776F00A44307 /* NavigationBar */,
				EE43F1612695CA23002C6C8A /* ButtonTemplate.swift */,
				EE43F1602695CA23002C6C8A /* CardView.swift */,
				EE43F195269E908B002C6C8A /* GradientView.swift */,
			);
			path = "Custom Views";
			sourceTree = "<group>";
		};
		EECE83C82695BA1A00FBCA76 /* Utilities */ = {
			isa = PBXGroup;
			children = (
				EE43F1572695C59C002C6C8A /* ApiHelper.swift */,
				EE43F15A2695C5F7002C6C8A /* Constants.swift */,
				EE43F191269E8DA8002C6C8A /* Reachability.swift */,
				EE3863D926A869F30093DC79 /* UITextField.swift */,
				EE608BEB27133DEE002BC9DB /* UIImageView.swift */,
			);
			path = Utilities;
			sourceTree = "<group>";
		};
		EECE83C92695BA2000FBCA76 /* Configurations */ = {
			isa = PBXGroup;
			children = (
			);
			path = Configurations;
			sourceTree = "<group>";
		};
		EECE83E32695BD0F00FBCA76 /* Login & Register */ = {
			isa = PBXGroup;
			children = (
				EECE83CE2695BA7500FBCA76 /* LoginViewController.swift */,
				EECE83DB2695BAF900FBCA76 /* RegisterViewController.swift */,
				EECE83EC2695BD8B00FBCA76 /* OtpViewController.swift */,
				EECE83EF2695BDAD00FBCA76 /* ForgotPasswordViewController.swift */,
				EECE83F42695BE5200FBCA76 /* TermsConditionsViewController.swift */,
				EE43F198269E98C3002C6C8A /* RegisterSuccessViewController.swift */,
			);
			path = "Login & Register";
			sourceTree = "<group>";
		};
		EECE83E42695BD2400FBCA76 /* Onboarding */ = {
			isa = PBXGroup;
			children = (
				EECE83E52695BD3300FBCA76 /* OnboardingViewController.swift */,
				EE43F14F2695C522002C6C8A /* LaunchScreenViewController.swift */,
			);
			path = Onboarding;
			sourceTree = "<group>";
		};
		EECE83F22695BDC600FBCA76 /* Home */ = {
			isa = PBXGroup;
			children = (
				EECE83D12695BA9200FBCA76 /* DashboardViewController.swift */,
				EECE83F72695BE7800FBCA76 /* HomeViewController.swift */,
			);
			path = Home;
			sourceTree = "<group>";
		};
		EEFE5156270F3CC000B8FF37 /* User */ = {
			isa = PBXGroup;
			children = (
				EEFE5157270F3CD700B8FF37 /* UserTransaction.storyboard */,
			);
			path = User;
			sourceTree = "<group>";
		};
/* End PBXGroup section */

/* Begin PBXNativeTarget section */
		EE0AEA8F268F392F0049A603 /* Koperasi Astra */ = {
			isa = PBXNativeTarget;
			buildConfigurationList = EE0AEAA4268F39310049A603 /* Build configuration list for PBXNativeTarget "Koperasi Astra" */;
			buildPhases = (
				8EF4D32472198899088AA843 /* [CP] Check Pods Manifest.lock */,
				EE0AEA8C268F392F0049A603 /* Sources */,
				EE0AEA8D268F392F0049A603 /* Frameworks */,
				EE0AEA8E268F392F0049A603 /* Resources */,
				BA0208485D9424D818647F7D /* [CP] Embed Pods Frameworks */,
			);
			buildRules = (
			);
			dependencies = (
			);
			name = "Koperasi Astra";
			productName = "Koperasi Astra";
			productReference = EE0AEA90268F392F0049A603 /* Koperasi Astra.app */;
			productType = "com.apple.product-type.application";
		};
/* End PBXNativeTarget section */

/* Begin PBXProject section */
		EE0AEA88268F392F0049A603 /* Project object */ = {
			isa = PBXProject;
			attributes = {
				LastSwiftUpdateCheck = 1240;
				LastUpgradeCheck = 1240;
				TargetAttributes = {
					EE0AEA8F268F392F0049A603 = {
						CreatedOnToolsVersion = 12.4;
					};
				};
			};
			buildConfigurationList = EE0AEA8B268F392F0049A603 /* Build configuration list for PBXProject "Koperasi Astra" */;
			compatibilityVersion = "Xcode 9.3";
			developmentRegion = en;
			hasScannedForEncodings = 0;
			knownRegions = (
				en,
				Base,
			);
			mainGroup = EE0AEA87268F392F0049A603;
			productRefGroup = EE0AEA91268F392F0049A603 /* Products */;
			projectDirPath = "";
			projectRoot = "";
			targets = (
				EE0AEA8F268F392F0049A603 /* Koperasi Astra */,
			);
		};
/* End PBXProject section */

/* Begin PBXResourcesBuildPhase section */
		EE0AEA8E268F392F0049A603 /* Resources */ = {
			isa = PBXResourcesBuildPhase;
			buildActionMask = 2147483647;
			files = (
				EE43F17E2695CAE8002C6C8A /* Poppins-MediumItalic.otf in Resources */,
				EE3496C22704E70B00233C48 /* ListPinjamanCollectionViewCell.xib in Resources */,
				EE43F1812695CAE8002C6C8A /* Poppins-LightItalic.otf in Resources */,
				EE43F1802695CAE8002C6C8A /* Poppins-Black.otf in Resources */,
				EE3496BD2704E6FA00233C48 /* AddressCollectionViewCell.xib in Resources */,
				EE24FC7026A477F400A44307 /* NavigationBar.xib in Resources */,
				EE43F17A2695CAE8002C6C8A /* Poppins-Thin.otf in Resources */,
				EE004DFE26A52F56005A8223 /* ButtonListTableViewCell.xib in Resources */,
				EE7660DC2709C9F90045510E /* Air.storyboard in Resources */,
				EE3496B82704E6E700233C48 /* ListTransaksiCollectionViewCell.xib in Resources */,
				EE76611C270AA4230045510E /* Loan.storyboard in Resources */,
				EE13863A26ADA9610014AB97 /* BottomSheet.storyboard in Resources */,
				EE43F1782695CAE8002C6C8A /* Poppins-Regular.otf in Resources */,
				EE24FC5526A33E9000A44307 /* Credit.storyboard in Resources */,
				EE02CF2D2709C73E0096B25B /* Listrik.storyboard in Resources */,
				EE02CF302709C75A0096B25B /* Bpjs.storyboard in Resources */,
				EE43F1792695CAE8002C6C8A /* Poppins-SemiBoldItalic.otf in Resources */,
				EECE83E12695BD0900FBCA76 /* Onboarding.storyboard in Resources */,
				EE92928926FD07BA00C675DD /* ListBoxCollectionViewCell.xib in Resources */,
				EE43F17C2695CAE8002C6C8A /* Poppins-BoldItalic.otf in Resources */,
				EE43F1852695CAE8002C6C8A /* Poppins-BlackItalic.otf in Resources */,
				EE43F1842695CAE8002C6C8A /* Poppins-Medium.otf in Resources */,
				EEFE5158270F3CD700B8FF37 /* UserTransaction.storyboard in Resources */,
				EECE83D92695BABB00FBCA76 /* Dashboard.storyboard in Resources */,
				EE7661192709CCC20045510E /* PulsaCollectionViewCell.xib in Resources */,
				EE24FC5226A33E8300A44307 /* Service.storyboard in Resources */,
				EE43F17B2695CAE8002C6C8A /* Poppins-Italic.otf in Resources */,
				EE43F1832695CAE8002C6C8A /* Poppins-ExtraLight.otf in Resources */,
				EE02CF112709C71E0096B25B /* Pulsa.storyboard in Resources */,
				EECE83D62695BAAE00FBCA76 /* LoginRegister.storyboard in Resources */,
				EE43F1822695CAE8002C6C8A /* Poppins-ExtraLightItalic.otf in Resources */,
				EEFE515C270F5D7A00B8FF37 /* PopupAlertViewController.xib in Resources */,
				EE24FC4F26A33E0600A44307 /* Home.storyboard in Resources */,
				EE43F17F2695CAE8002C6C8A /* Poppins-ThinItalic.otf in Resources */,
				EE43F1542695C542002C6C8A /* SplashScreen.storyboard in Resources */,
				EE43F1892695CAE8002C6C8A /* Poppins-ExtraBold.otf in Resources */,
				EE13864526ADAAAF0014AB97 /* ButtonWithImageCollectionViewCell.xib in Resources */,
				EE24FC7326A4790F00A44307 /* Lato-Bold.ttf in Resources */,
				EE0AEA9D268F39310049A603 /* Assets.xcassets in Resources */,
				EE92928E26FD0B8D00C675DD /* PopupSelectionViewController.xib in Resources */,
				EE43F1882695CAE8002C6C8A /* Poppins-Light.otf in Resources */,
				EE43F17D2695CAE8002C6C8A /* Poppins-Bold.otf in Resources */,
				EE43F1862695CAE8002C6C8A /* Poppins-ExtraBoldItalic.otf in Resources */,
				EE43F1872695CAE8002C6C8A /* Poppins-SemiBold.otf in Resources */,
				EE24FC5826A33E9E00A44307 /* User.storyboard in Resources */,
			);
			runOnlyForDeploymentPostprocessing = 0;
		};
/* End PBXResourcesBuildPhase section */

/* Begin PBXShellScriptBuildPhase section */
		8EF4D32472198899088AA843 /* [CP] Check Pods Manifest.lock */ = {
			isa = PBXShellScriptBuildPhase;
			buildActionMask = 2147483647;
			files = (
			);
			inputFileListPaths = (
			);
			inputPaths = (
				"${PODS_PODFILE_DIR_PATH}/Podfile.lock",
				"${PODS_ROOT}/Manifest.lock",
			);
			name = "[CP] Check Pods Manifest.lock";
			outputFileListPaths = (
			);
			outputPaths = (
				"$(DERIVED_FILE_DIR)/Pods-Koperasi Astra-checkManifestLockResult.txt",
			);
			runOnlyForDeploymentPostprocessing = 0;
			shellPath = /bin/sh;
			shellScript = "diff \"${PODS_PODFILE_DIR_PATH}/Podfile.lock\" \"${PODS_ROOT}/Manifest.lock\" > /dev/null\nif [ $? != 0 ] ; then\n    # print error to STDERR\n    echo \"error: The sandbox is not in sync with the Podfile.lock. Run 'pod install' or update your CocoaPods installation.\" >&2\n    exit 1\nfi\n# This output is used by Xcode 'outputs' to avoid re-running this script phase.\necho \"SUCCESS\" > \"${SCRIPT_OUTPUT_FILE_0}\"\n";
			showEnvVarsInLog = 0;
		};
		BA0208485D9424D818647F7D /* [CP] Embed Pods Frameworks */ = {
			isa = PBXShellScriptBuildPhase;
			buildActionMask = 2147483647;
			files = (
			);
			inputFileListPaths = (
				"${PODS_ROOT}/Target Support Files/Pods-Koperasi Astra/Pods-Koperasi Astra-frameworks-${CONFIGURATION}-input-files.xcfilelist",
			);
			name = "[CP] Embed Pods Frameworks";
			outputFileListPaths = (
				"${PODS_ROOT}/Target Support Files/Pods-Koperasi Astra/Pods-Koperasi Astra-frameworks-${CONFIGURATION}-output-files.xcfilelist",
			);
			runOnlyForDeploymentPostprocessing = 0;
			shellPath = /bin/sh;
			shellScript = "\"${PODS_ROOT}/Target Support Files/Pods-Koperasi Astra/Pods-Koperasi Astra-frameworks.sh\"\n";
			showEnvVarsInLog = 0;
		};
/* End PBXShellScriptBuildPhase section */

/* Begin PBXSourcesBuildPhase section */
		EE0AEA8C268F392F0049A603 /* Sources */ = {
			isa = PBXSourcesBuildPhase;
			buildActionMask = 2147483647;
			files = (
				EE13863E26ADA9980014AB97 /* CollectionListViewController.swift in Sources */,
				EE7660FF2709CC130045510E /* InputPhoneNumberViewController.swift in Sources */,
				EE7661022709CC230045510E /* PaymentOptionPulsaViewController.swift in Sources */,
				EE766126270AA4910045510E /* LoanFinishViewController.swift in Sources */,
				EE76612C270AE0B80045510E /* DetailItemViewController.swift in Sources */,
				EE6B674C2717D7F200F1DAED /* Trace.swift in Sources */,
				EE43F196269E908B002C6C8A /* GradientView.swift in Sources */,
				EE43F1582695C59C002C6C8A /* ApiHelper.swift in Sources */,
				EECE83CF2695BA7500FBCA76 /* LoginViewController.swift in Sources */,
				EE7661082709CC3D0045510E /* PaymentSaldoViewController.swift in Sources */,
				EE3496AD2704E64500233C48 /* AboutUsViewController.swift in Sources */,
				EE3790142713FF5A0064A563 /* PhoneOperator.swift in Sources */,
				EECE83E62695BD3300FBCA76 /* OnboardingViewController.swift in Sources */,
				EE766120270AA4710045510E /* ApplyLoanViewController.swift in Sources */,
				EE3496B02704E65300233C48 /* ChangePasswordViewController.swift in Sources */,
				EECE83CB2695BA4800FBCA76 /* Storyboards.swift in Sources */,
				EE6B674E2717D80400F1DAED /* PulsaDetails.swift in Sources */,
				EE6B674A2717D6F800F1DAED /* PulsaList.swift in Sources */,
				EEF21B36271D323E00AD419B /* MasterCompany.swift in Sources */,
				EE92928826FD07BA00C675DD /* ListBoxCollectionViewCell.swift in Sources */,
				EE7660FB2709CC020045510E /* InfoPulsaViewController.swift in Sources */,
				EE608BE0271089C8002BC9DB /* AuthCheck.swift in Sources */,
				EE3496C12704E70B00233C48 /* ListPinjamanCollectionViewCell.swift in Sources */,
				EE24FC6D26A477D200A44307 /* NavigationBar.swift in Sources */,
				EEB96CD9270B2FD300F48365 /* AboutAppsViewController.swift in Sources */,
				EE6B67542717D9AE00F1DAED /* bodyBillDetails.swift in Sources */,
				EEB77D2726AD89B600FAC183 /* Register.swift in Sources */,
				EE43F1622695CA23002C6C8A /* CardView.swift in Sources */,
				EE24FC6626A46A7F00A44307 /* ServiceViewController.swift in Sources */,
				EE3863D726A861DE0093DC79 /* Authentication.swift in Sources */,
				EE7661142709CC740045510E /* ListrikViewController.swift in Sources */,
				EE6B67522717D97700F1DAED /* BillDetails.swift in Sources */,
				EECE83ED2695BD8B00FBCA76 /* OtpViewController.swift in Sources */,
				EE766129270AE0760045510E /* DetailLoanViewController.swift in Sources */,
				EE24FC5C26A46A2900A44307 /* UserViewController.swift in Sources */,
				EE3496AA2704E63600233C48 /* ContactUsViewController.swift in Sources */,
				EEFE515B270F5D7A00B8FF37 /* PopupAlertViewController.swift in Sources */,
				EE7661182709CCC20045510E /* PulsaCollectionViewCell.swift in Sources */,
				EE24FC6926A46C1C00A44307 /* DashboardNavigationViewController.swift in Sources */,
				EEF21B34271D320600AD419B /* MasterDataViewModel.swift in Sources */,
				EE6B67502717D96F00F1DAED /* AdditionalData.swift in Sources */,
				EE3496B32704E66100233C48 /* AddressSetupViewController.swift in Sources */,
				EEF21B30271C386A00AD419B /* LoanViewModel.swift in Sources */,
				EE004DFD26A52F56005A8223 /* ButtonListTableViewCell.swift in Sources */,
				EE43F199269E98C3002C6C8A /* RegisterSuccessViewController.swift in Sources */,
				EECE83F02695BDAD00FBCA76 /* ForgotPasswordViewController.swift in Sources */,
				EE3496B72704E6E700233C48 /* ListTransaksiCollectionViewCell.swift in Sources */,
				EE76610E2709CC550045510E /* BpjsDetailInfoViewController.swift in Sources */,
				EE76610B2709CC4A0045510E /* BpjsViewController.swift in Sources */,
				EE3496A12704DF8E00233C48 /* PersonalDataViewController.swift in Sources */,
				EE43F18F269E8D39002C6C8A /* BaseViewController.swift in Sources */,
				EE608BE42710928B002BC9DB /* User.swift in Sources */,
				EE7661112709CC650045510E /* AirViewController.swift in Sources */,
				EE608BEA2710972A002BC9DB /* UserDetail.swift in Sources */,
				EE7661052709CC310045510E /* PaymentVaViewController.swift in Sources */,
				EE3496A72704E62800233C48 /* ListPinjamanViewController.swift in Sources */,
				EE43F1632695CA23002C6C8A /* ButtonTemplate.swift in Sources */,
				EECE83F82695BE7800FBCA76 /* HomeViewController.swift in Sources */,
				EE43F15E2695C989002C6C8A /* UserAuthViewModel.swift in Sources */,
				EE608BEC27133DEE002BC9DB /* UIImageView.swift in Sources */,
				EE43F15B2695C5F7002C6C8A /* Constants.swift in Sources */,
				EE766123270AA47F0045510E /* LoanDataViewController.swift in Sources */,
				EE608BE227108EF3002BC9DB /* BaseResponse.swift in Sources */,
				EECE83F52695BE5200FBCA76 /* TermsConditionsViewController.swift in Sources */,
				EECE83D22695BA9200FBCA76 /* DashboardViewController.swift in Sources */,
				EE92928F26FD0B8D00C675DD /* PopupSelectionViewController.swift in Sources */,
				EE43F192269E8DA8002C6C8A /* Reachability.swift in Sources */,
				EE13864426ADAAAF0014AB97 /* ButtonWithImageCollectionViewCell.swift in Sources */,
				EE3790122713FF040064A563 /* BillerViewModel.swift in Sources */,
				EE3863DA26A869F30093DC79 /* UITextField.swift in Sources */,
				EE608BE62710929E002BC9DB /* Profile.swift in Sources */,
				EE3496A42704E61700233C48 /* ListTransaksiViewController.swift in Sources */,
				EECE83DC2695BAF900FBCA76 /* RegisterViewController.swift in Sources */,
				EE43F1502695C522002C6C8A /* LaunchScreenViewController.swift in Sources */,
				EE3496BC2704E6FA00233C48 /* AddressCollectionViewCell.swift in Sources */,
				EE0AEA94268F392F0049A603 /* AppDelegate.swift in Sources */,
				EE608BE8271092A9002BC9DB /* Company.swift in Sources */,
				EE24FC6226A46A7500A44307 /* CreditViewController.swift in Sources */,
				EEF21B32271C38A300AD419B /* MicroloanBalance.swift in Sources */,
			);
			runOnlyForDeploymentPostprocessing = 0;
		};
/* End PBXSourcesBuildPhase section */

/* Begin XCBuildConfiguration section */
		EE0AEAA2268F39310049A603 /* Debug */ = {
			isa = XCBuildConfiguration;
			buildSettings = {
				ALWAYS_SEARCH_USER_PATHS = NO;
				CLANG_ANALYZER_NONNULL = YES;
				CLANG_ANALYZER_NUMBER_OBJECT_CONVERSION = YES_AGGRESSIVE;
				CLANG_CXX_LANGUAGE_STANDARD = "gnu++14";
				CLANG_CXX_LIBRARY = "libc++";
				CLANG_ENABLE_MODULES = YES;
				CLANG_ENABLE_OBJC_ARC = YES;
				CLANG_ENABLE_OBJC_WEAK = YES;
				CLANG_WARN_BLOCK_CAPTURE_AUTORELEASING = YES;
				CLANG_WARN_BOOL_CONVERSION = YES;
				CLANG_WARN_COMMA = YES;
				CLANG_WARN_CONSTANT_CONVERSION = YES;
				CLANG_WARN_DEPRECATED_OBJC_IMPLEMENTATIONS = YES;
				CLANG_WARN_DIRECT_OBJC_ISA_USAGE = YES_ERROR;
				CLANG_WARN_DOCUMENTATION_COMMENTS = YES;
				CLANG_WARN_EMPTY_BODY = YES;
				CLANG_WARN_ENUM_CONVERSION = YES;
				CLANG_WARN_INFINITE_RECURSION = YES;
				CLANG_WARN_INT_CONVERSION = YES;
				CLANG_WARN_NON_LITERAL_NULL_CONVERSION = YES;
				CLANG_WARN_OBJC_IMPLICIT_RETAIN_SELF = YES;
				CLANG_WARN_OBJC_LITERAL_CONVERSION = YES;
				CLANG_WARN_OBJC_ROOT_CLASS = YES_ERROR;
				CLANG_WARN_QUOTED_INCLUDE_IN_FRAMEWORK_HEADER = YES;
				CLANG_WARN_RANGE_LOOP_ANALYSIS = YES;
				CLANG_WARN_STRICT_PROTOTYPES = YES;
				CLANG_WARN_SUSPICIOUS_MOVE = YES;
				CLANG_WARN_UNGUARDED_AVAILABILITY = YES_AGGRESSIVE;
				CLANG_WARN_UNREACHABLE_CODE = YES;
				CLANG_WARN__DUPLICATE_METHOD_MATCH = YES;
				COPY_PHASE_STRIP = NO;
				DEBUG_INFORMATION_FORMAT = dwarf;
				ENABLE_STRICT_OBJC_MSGSEND = YES;
				ENABLE_TESTABILITY = YES;
				GCC_C_LANGUAGE_STANDARD = gnu11;
				GCC_DYNAMIC_NO_PIC = NO;
				GCC_NO_COMMON_BLOCKS = YES;
				GCC_OPTIMIZATION_LEVEL = 0;
				GCC_PREPROCESSOR_DEFINITIONS = (
					"DEBUG=1",
					"$(inherited)",
				);
				GCC_WARN_64_TO_32_BIT_CONVERSION = YES;
				GCC_WARN_ABOUT_RETURN_TYPE = YES_ERROR;
				GCC_WARN_UNDECLARED_SELECTOR = YES;
				GCC_WARN_UNINITIALIZED_AUTOS = YES_AGGRESSIVE;
				GCC_WARN_UNUSED_FUNCTION = YES;
				GCC_WARN_UNUSED_VARIABLE = YES;
				IPHONEOS_DEPLOYMENT_TARGET = 14.4;
				MTL_ENABLE_DEBUG_INFO = INCLUDE_SOURCE;
				MTL_FAST_MATH = YES;
				ONLY_ACTIVE_ARCH = YES;
				SDKROOT = iphoneos;
				SWIFT_ACTIVE_COMPILATION_CONDITIONS = DEBUG;
				SWIFT_OPTIMIZATION_LEVEL = "-Onone";
			};
			name = Debug;
		};
		EE0AEAA3268F39310049A603 /* Release */ = {
			isa = XCBuildConfiguration;
			buildSettings = {
				ALWAYS_SEARCH_USER_PATHS = NO;
				CLANG_ANALYZER_NONNULL = YES;
				CLANG_ANALYZER_NUMBER_OBJECT_CONVERSION = YES_AGGRESSIVE;
				CLANG_CXX_LANGUAGE_STANDARD = "gnu++14";
				CLANG_CXX_LIBRARY = "libc++";
				CLANG_ENABLE_MODULES = YES;
				CLANG_ENABLE_OBJC_ARC = YES;
				CLANG_ENABLE_OBJC_WEAK = YES;
				CLANG_WARN_BLOCK_CAPTURE_AUTORELEASING = YES;
				CLANG_WARN_BOOL_CONVERSION = YES;
				CLANG_WARN_COMMA = YES;
				CLANG_WARN_CONSTANT_CONVERSION = YES;
				CLANG_WARN_DEPRECATED_OBJC_IMPLEMENTATIONS = YES;
				CLANG_WARN_DIRECT_OBJC_ISA_USAGE = YES_ERROR;
				CLANG_WARN_DOCUMENTATION_COMMENTS = YES;
				CLANG_WARN_EMPTY_BODY = YES;
				CLANG_WARN_ENUM_CONVERSION = YES;
				CLANG_WARN_INFINITE_RECURSION = YES;
				CLANG_WARN_INT_CONVERSION = YES;
				CLANG_WARN_NON_LITERAL_NULL_CONVERSION = YES;
				CLANG_WARN_OBJC_IMPLICIT_RETAIN_SELF = YES;
				CLANG_WARN_OBJC_LITERAL_CONVERSION = YES;
				CLANG_WARN_OBJC_ROOT_CLASS = YES_ERROR;
				CLANG_WARN_QUOTED_INCLUDE_IN_FRAMEWORK_HEADER = YES;
				CLANG_WARN_RANGE_LOOP_ANALYSIS = YES;
				CLANG_WARN_STRICT_PROTOTYPES = YES;
				CLANG_WARN_SUSPICIOUS_MOVE = YES;
				CLANG_WARN_UNGUARDED_AVAILABILITY = YES_AGGRESSIVE;
				CLANG_WARN_UNREACHABLE_CODE = YES;
				CLANG_WARN__DUPLICATE_METHOD_MATCH = YES;
				COPY_PHASE_STRIP = NO;
				DEBUG_INFORMATION_FORMAT = "dwarf-with-dsym";
				ENABLE_NS_ASSERTIONS = NO;
				ENABLE_STRICT_OBJC_MSGSEND = YES;
				GCC_C_LANGUAGE_STANDARD = gnu11;
				GCC_NO_COMMON_BLOCKS = YES;
				GCC_WARN_64_TO_32_BIT_CONVERSION = YES;
				GCC_WARN_ABOUT_RETURN_TYPE = YES_ERROR;
				GCC_WARN_UNDECLARED_SELECTOR = YES;
				GCC_WARN_UNINITIALIZED_AUTOS = YES_AGGRESSIVE;
				GCC_WARN_UNUSED_FUNCTION = YES;
				GCC_WARN_UNUSED_VARIABLE = YES;
				IPHONEOS_DEPLOYMENT_TARGET = 14.4;
				MTL_ENABLE_DEBUG_INFO = NO;
				MTL_FAST_MATH = YES;
				SDKROOT = iphoneos;
				SWIFT_COMPILATION_MODE = wholemodule;
				SWIFT_OPTIMIZATION_LEVEL = "-O";
				VALIDATE_PRODUCT = YES;
			};
			name = Release;
		};
		EE0AEAA5268F39310049A603 /* Debug */ = {
			isa = XCBuildConfiguration;
			baseConfigurationReference = AA27E239561319B2F8F9EDD7 /* Pods-Koperasi Astra.debug.xcconfig */;
			buildSettings = {
				ASSETCATALOG_COMPILER_APPICON_NAME = AppIcon;
				ASSETCATALOG_COMPILER_GLOBAL_ACCENT_COLOR_NAME = AccentColor;
				CODE_SIGN_IDENTITY = "iPhone Developer";
				CODE_SIGN_STYLE = Manual;
				DEVELOPMENT_TEAM = 4V9LPUG4HJ;
				INFOPLIST_FILE = "Koperasi Astra/Info.plist";
				LD_RUNPATH_SEARCH_PATHS = (
					"$(inherited)",
					"@executable_path/Frameworks",
				);
				PRODUCT_BUNDLE_IDENTIFIER = com.koperasiAstra.koperasiastra;
				PRODUCT_NAME = "$(TARGET_NAME)";
				PROVISIONING_PROFILE_SPECIFIER = "KoperasiAstra.Koperasi-Astra";
				SWIFT_VERSION = 5.0;
				TARGETED_DEVICE_FAMILY = "1,2";
			};
			name = Debug;
		};
		EE0AEAA6268F39310049A603 /* Release */ = {
			isa = XCBuildConfiguration;
			baseConfigurationReference = E2393E63911ECBFD90B8C1C8 /* Pods-Koperasi Astra.release.xcconfig */;
			buildSettings = {
				ASSETCATALOG_COMPILER_APPICON_NAME = AppIcon;
				ASSETCATALOG_COMPILER_GLOBAL_ACCENT_COLOR_NAME = AccentColor;
				CODE_SIGN_IDENTITY = "iPhone Developer";
				CODE_SIGN_STYLE = Manual;
				DEVELOPMENT_TEAM = 4V9LPUG4HJ;
				INFOPLIST_FILE = "Koperasi Astra/Info.plist";
				LD_RUNPATH_SEARCH_PATHS = (
					"$(inherited)",
					"@executable_path/Frameworks",
				);
				PRODUCT_BUNDLE_IDENTIFIER = com.koperasiAstra.koperasiastra;
				PRODUCT_NAME = "$(TARGET_NAME)";
				PROVISIONING_PROFILE_SPECIFIER = "KoperasiAstra.Koperasi-Astra";
				SWIFT_VERSION = 5.0;
				TARGETED_DEVICE_FAMILY = "1,2";
			};
			name = Release;
		};
/* End XCBuildConfiguration section */

/* Begin XCConfigurationList section */
		EE0AEA8B268F392F0049A603 /* Build configuration list for PBXProject "Koperasi Astra" */ = {
			isa = XCConfigurationList;
			buildConfigurations = (
				EE0AEAA2268F39310049A603 /* Debug */,
				EE0AEAA3268F39310049A603 /* Release */,
			);
			defaultConfigurationIsVisible = 0;
			defaultConfigurationName = Release;
		};
		EE0AEAA4268F39310049A603 /* Build configuration list for PBXNativeTarget "Koperasi Astra" */ = {
			isa = XCConfigurationList;
			buildConfigurations = (
				EE0AEAA5268F39310049A603 /* Debug */,
				EE0AEAA6268F39310049A603 /* Release */,
			);
			defaultConfigurationIsVisible = 0;
			defaultConfigurationName = Release;
		};
/* End XCConfigurationList section */
	};
	rootObject = EE0AEA88268F392F0049A603 /* Project object */;
}
