// !$*UTF8*$!
{
	archiveVersion = 1;
	classes = {
	};
	objectVersion = 50;
	objects = {

/* Begin PBXBuildFile section */
		EE0AEA94268F392F0049A603 /* AppDelegate.swift in Sources */ = {isa = PBXBuildFile; fileRef = EE0AEA93268F392F0049A603 /* AppDelegate.swift */; };
		EE0AEA96268F392F0049A603 /* SceneDelegate.swift in Sources */ = {isa = PBXBuildFile; fileRef = EE0AEA95268F392F0049A603 /* SceneDelegate.swift */; };
		EE0AEA98268F392F0049A603 /* ViewController.swift in Sources */ = {isa = PBXBuildFile; fileRef = EE0AEA97268F392F0049A603 /* ViewController.swift */; };
		EE0AEA9B268F392F0049A603 /* Main.storyboard in Resources */ = {isa = PBXBuildFile; fileRef = EE0AEA99268F392F0049A603 /* Main.storyboard */; };
		EE0AEA9D268F39310049A603 /* Assets.xcassets in Resources */ = {isa = PBXBuildFile; fileRef = EE0AEA9C268F39310049A603 /* Assets.xcassets */; };
		EE0AEAA0268F39310049A603 /* LaunchScreen.storyboard in Resources */ = {isa = PBXBuildFile; fileRef = EE0AEA9E268F39310049A603 /* LaunchScreen.storyboard */; };
/* End PBXBuildFile section */

/* Begin PBXFileReference section */
		EE0AEA90268F392F0049A603 /* Koperasi Astra.app */ = {isa = PBXFileReference; explicitFileType = wrapper.application; includeInIndex = 0; path = "Koperasi Astra.app"; sourceTree = BUILT_PRODUCTS_DIR; };
		EE0AEA93268F392F0049A603 /* AppDelegate.swift */ = {isa = PBXFileReference; lastKnownFileType = sourcecode.swift; path = AppDelegate.swift; sourceTree = "<group>"; };
		EE0AEA95268F392F0049A603 /* SceneDelegate.swift */ = {isa = PBXFileReference; lastKnownFileType = sourcecode.swift; path = SceneDelegate.swift; sourceTree = "<group>"; };
		EE0AEA97268F392F0049A603 /* ViewController.swift */ = {isa = PBXFileReference; lastKnownFileType = sourcecode.swift; path = ViewController.swift; sourceTree = "<group>"; };
		EE0AEA9A268F392F0049A603 /* Base */ = {isa = PBXFileReference; lastKnownFileType = file.storyboard; name = Base; path = Base.lproj/Main.storyboard; sourceTree = "<group>"; };
		EE0AEA9C268F39310049A603 /* Assets.xcassets */ = {isa = PBXFileReference; lastKnownFileType = folder.assetcatalog; path = Assets.xcassets; sourceTree = "<group>"; };
		EE0AEA9F268F39310049A603 /* Base */ = {isa = PBXFileReference; lastKnownFileType = file.storyboard; name = Base; path = Base.lproj/LaunchScreen.storyboard; sourceTree = "<group>"; };
		EE0AEAA1268F39310049A603 /* Info.plist */ = {isa = PBXFileReference; lastKnownFileType = text.plist.xml; path = Info.plist; sourceTree = "<group>"; };
/* End PBXFileReference section */

/* Begin PBXFrameworksBuildPhase section */
		EE0AEA8D268F392F0049A603 /* Frameworks */ = {
			isa = PBXFrameworksBuildPhase;
			buildActionMask = 2147483647;
			files = (
			);
			runOnlyForDeploymentPostprocessing = 0;
		};
/* End PBXFrameworksBuildPhase section */

/* Begin PBXGroup section */
		EE0AEA87268F392F0049A603 = {
			isa = PBXGroup;
			children = (
				EE0AEA92268F392F0049A603 /* Koperasi Astra */,
				EE0AEA91268F392F0049A603 /* Products */,
			);
			sourceTree = "<group>";
		};
		EE0AEA91268F392F0049A603 /* Products */ = {
			isa = PBXGroup;
			children = (
				EE0AEA90268F392F0049A603 /* Koperasi Astra.app */,
			);
			name = Products;
			sourceTree = "<group>";
		};
		EE0AEA92268F392F0049A603 /* Koperasi Astra */ = {
			isa = PBXGroup;
			children = (
				EE0AEA93268F392F0049A603 /* AppDelegate.swift */,
				EE0AEA95268F392F0049A603 /* SceneDelegate.swift */,
				EE0AEA97268F392F0049A603 /* ViewController.swift */,
				EE0AEA99268F392F0049A603 /* Main.storyboard */,
				EE0AEA9C268F39310049A603 /* Assets.xcassets */,
				EE0AEA9E268F39310049A603 /* LaunchScreen.storyboard */,
				EE0AEAA1268F39310049A603 /* Info.plist */,
			);
			path = "Koperasi Astra";
			sourceTree = "<group>";
		};
/* End PBXGroup section */

/* Begin PBXNativeTarget section */
		EE0AEA8F268F392F0049A603 /* Koperasi Astra */ = {
			isa = PBXNativeTarget;
			buildConfigurationList = EE0AEAA4268F39310049A603 /* Build configuration list for PBXNativeTarget "Koperasi Astra" */;
			buildPhases = (
				EE0AEA8C268F392F0049A603 /* Sources */,
				EE0AEA8D268F392F0049A603 /* Frameworks */,
				EE0AEA8E268F392F0049A603 /* Resources */,
			);
			buildRules = (
			);
			dependencies = (
			);
			name = "Koperasi Astra";
			productName = "Koperasi Astra";
			productReference = EE0AEA90268F392F0049A603 /* Koperasi Astra.app */;
			productType = "com.apple.product-type.application";
		};
/* End PBXNativeTarget section */

/* Begin PBXProject section */
		EE0AEA88268F392F0049A603 /* Project object */ = {
			isa = PBXProject;
			attributes = {
				LastSwiftUpdateCheck = 1240;
				LastUpgradeCheck = 1240;
				TargetAttributes = {
					EE0AEA8F268F392F0049A603 = {
						CreatedOnToolsVersion = 12.4;
					};
				};
			};
			buildConfigurationList = EE0AEA8B268F392F0049A603 /* Build configuration list for PBXProject "Koperasi Astra" */;
			compatibilityVersion = "Xcode 9.3";
			developmentRegion = en;
			hasScannedForEncodings = 0;
			knownRegions = (
				en,
				Base,
			);
			mainGroup = EE0AEA87268F392F0049A603;
			productRefGroup = EE0AEA91268F392F0049A603 /* Products */;
			projectDirPath = "";
			projectRoot = "";
			targets = (
				EE0AEA8F268F392F0049A603 /* Koperasi Astra */,
			);
		};
/* End PBXProject section */

/* Begin PBXResourcesBuildPhase section */
		EE0AEA8E268F392F0049A603 /* Resources */ = {
			isa = PBXResourcesBuildPhase;
			buildActionMask = 2147483647;
			files = (
				EE0AEAA0268F39310049A603 /* LaunchScreen.storyboard in Resources */,
				EE0AEA9D268F39310049A603 /* Assets.xcassets in Resources */,
				EE0AEA9B268F392F0049A603 /* Main.storyboard in Resources */,
			);
			runOnlyForDeploymentPostprocessing = 0;
		};
/* End PBXResourcesBuildPhase section */

/* Begin PBXSourcesBuildPhase section */
		EE0AEA8C268F392F0049A603 /* Sources */ = {
			isa = PBXSourcesBuildPhase;
			buildActionMask = 2147483647;
			files = (
				EE0AEA98268F392F0049A603 /* ViewController.swift in Sources */,
				EE0AEA94268F392F0049A603 /* AppDelegate.swift in Sources */,
				EE0AEA96268F392F0049A603 /* SceneDelegate.swift in Sources */,
			);
			runOnlyForDeploymentPostprocessing = 0;
		};
/* End PBXSourcesBuildPhase section */

/* Begin PBXVariantGroup section */
		EE0AEA99268F392F0049A603 /* Main.storyboard */ = {
			isa = PBXVariantGroup;
			children = (
				EE0AEA9A268F392F0049A603 /* Base */,
			);
			name = Main.storyboard;
			sourceTree = "<group>";
		};
		EE0AEA9E268F39310049A603 /* LaunchScreen.storyboard */ = {
			isa = PBXVariantGroup;
			children = (
				EE0AEA9F268F39310049A603 /* Base */,
			);
			name = LaunchScreen.storyboard;
			sourceTree = "<group>";
		};
/* End PBXVariantGroup section */

/* Begin XCBuildConfiguration section */
		EE0AEAA2268F39310049A603 /* Debug */ = {
			isa = XCBuildConfiguration;
			buildSettings = {
				ALWAYS_SEARCH_USER_PATHS = NO;
				CLANG_ANALYZER_NONNULL = YES;
				CLANG_ANALYZER_NUMBER_OBJECT_CONVERSION = YES_AGGRESSIVE;
				CLANG_CXX_LANGUAGE_STANDARD = "gnu++14";
				CLANG_CXX_LIBRARY = "libc++";
				CLANG_ENABLE_MODULES = YES;
				CLANG_ENABLE_OBJC_ARC = YES;
				CLANG_ENABLE_OBJC_WEAK = YES;
				CLANG_WARN_BLOCK_CAPTURE_AUTORELEASING = YES;
				CLANG_WARN_BOOL_CONVERSION = YES;
				CLANG_WARN_COMMA = YES;
				CLANG_WARN_CONSTANT_CONVERSION = YES;
				CLANG_WARN_DEPRECATED_OBJC_IMPLEMENTATIONS = YES;
				CLANG_WARN_DIRECT_OBJC_ISA_USAGE = YES_ERROR;
				CLANG_WARN_DOCUMENTATION_COMMENTS = YES;
				CLANG_WARN_EMPTY_BODY = YES;
				CLANG_WARN_ENUM_CONVERSION = YES;
				CLANG_WARN_INFINITE_RECURSION = YES;
				CLANG_WARN_INT_CONVERSION = YES;
				CLANG_WARN_NON_LITERAL_NULL_CONVERSION = YES;
				CLANG_WARN_OBJC_IMPLICIT_RETAIN_SELF = YES;
				CLANG_WARN_OBJC_LITERAL_CONVERSION = YES;
				CLANG_WARN_OBJC_ROOT_CLASS = YES_ERROR;
				CLANG_WARN_QUOTED_INCLUDE_IN_FRAMEWORK_HEADER = YES;
				CLANG_WARN_RANGE_LOOP_ANALYSIS = YES;
				CLANG_WARN_STRICT_PROTOTYPES = YES;
				CLANG_WARN_SUSPICIOUS_MOVE = YES;
				CLANG_WARN_UNGUARDED_AVAILABILITY = YES_AGGRESSIVE;
				CLANG_WARN_UNREACHABLE_CODE = YES;
				CLANG_WARN__DUPLICATE_METHOD_MATCH = YES;
				COPY_PHASE_STRIP = NO;
				DEBUG_INFORMATION_FORMAT = dwarf;
				ENABLE_STRICT_OBJC_MSGSEND = YES;
				ENABLE_TESTABILITY = YES;
				GCC_C_LANGUAGE_STANDARD = gnu11;
				GCC_DYNAMIC_NO_PIC = NO;
				GCC_NO_COMMON_BLOCKS = YES;
				GCC_OPTIMIZATION_LEVEL = 0;
				GCC_PREPROCESSOR_DEFINITIONS = (
					"DEBUG=1",
					"$(inherited)",
				);
				GCC_WARN_64_TO_32_BIT_CONVERSION = YES;
				GCC_WARN_ABOUT_RETURN_TYPE = YES_ERROR;
				GCC_WARN_UNDECLARED_SELECTOR = YES;
				GCC_WARN_UNINITIALIZED_AUTOS = YES_AGGRESSIVE;
				GCC_WARN_UNUSED_FUNCTION = YES;
				GCC_WARN_UNUSED_VARIABLE = YES;
				IPHONEOS_DEPLOYMENT_TARGET = 14.4;
				MTL_ENABLE_DEBUG_INFO = INCLUDE_SOURCE;
				MTL_FAST_MATH = YES;
				ONLY_ACTIVE_ARCH = YES;
				SDKROOT = iphoneos;
				SWIFT_ACTIVE_COMPILATION_CONDITIONS = DEBUG;
				SWIFT_OPTIMIZATION_LEVEL = "-Onone";
			};
			name = Debug;
		};
		EE0AEAA3268F39310049A603 /* Release */ = {
			isa = XCBuildConfiguration;
			buildSettings = {
				ALWAYS_SEARCH_USER_PATHS = NO;
				CLANG_ANALYZER_NONNULL = YES;
				CLANG_ANALYZER_NUMBER_OBJECT_CONVERSION = YES_AGGRESSIVE;
				CLANG_CXX_LANGUAGE_STANDARD = "gnu++14";
				CLANG_CXX_LIBRARY = "libc++";
				CLANG_ENABLE_MODULES = YES;
				CLANG_ENABLE_OBJC_ARC = YES;
				CLANG_ENABLE_OBJC_WEAK = YES;
				CLANG_WARN_BLOCK_CAPTURE_AUTORELEASING = YES;
				CLANG_WARN_BOOL_CONVERSION = YES;
				CLANG_WARN_COMMA = YES;
				CLANG_WARN_CONSTANT_CONVERSION = YES;
				CLANG_WARN_DEPRECATED_OBJC_IMPLEMENTATIONS = YES;
				CLANG_WARN_DIRECT_OBJC_ISA_USAGE = YES_ERROR;
				CLANG_WARN_DOCUMENTATION_COMMENTS = YES;
				CLANG_WARN_EMPTY_BODY = YES;
				CLANG_WARN_ENUM_CONVERSION = YES;
				CLANG_WARN_INFINITE_RECURSION = YES;
				CLANG_WARN_INT_CONVERSION = YES;
				CLANG_WARN_NON_LITERAL_NULL_CONVERSION = YES;
				CLANG_WARN_OBJC_IMPLICIT_RETAIN_SELF = YES;
				CLANG_WARN_OBJC_LITERAL_CONVERSION = YES;
				CLANG_WARN_OBJC_ROOT_CLASS = YES_ERROR;
				CLANG_WARN_QUOTED_INCLUDE_IN_FRAMEWORK_HEADER = YES;
				CLANG_WARN_RANGE_LOOP_ANALYSIS = YES;
				CLANG_WARN_STRICT_PROTOTYPES = YES;
				CLANG_WARN_SUSPICIOUS_MOVE = YES;
				CLANG_WARN_UNGUARDED_AVAILABILITY = YES_AGGRESSIVE;
				CLANG_WARN_UNREACHABLE_CODE = YES;
				CLANG_WARN__DUPLICATE_METHOD_MATCH = YES;
				COPY_PHASE_STRIP = NO;
				DEBUG_INFORMATION_FORMAT = "dwarf-with-dsym";
				ENABLE_NS_ASSERTIONS = NO;
				ENABLE_STRICT_OBJC_MSGSEND = YES;
				GCC_C_LANGUAGE_STANDARD = gnu11;
				GCC_NO_COMMON_BLOCKS = YES;
				GCC_WARN_64_TO_32_BIT_CONVERSION = YES;
				GCC_WARN_ABOUT_RETURN_TYPE = YES_ERROR;
				GCC_WARN_UNDECLARED_SELECTOR = YES;
				GCC_WARN_UNINITIALIZED_AUTOS = YES_AGGRESSIVE;
				GCC_WARN_UNUSED_FUNCTION = YES;
				GCC_WARN_UNUSED_VARIABLE = YES;
				IPHONEOS_DEPLOYMENT_TARGET = 14.4;
				MTL_ENABLE_DEBUG_INFO = NO;
				MTL_FAST_MATH = YES;
				SDKROOT = iphoneos;
				SWIFT_COMPILATION_MODE = wholemodule;
				SWIFT_OPTIMIZATION_LEVEL = "-O";
				VALIDATE_PRODUCT = YES;
			};
			name = Release;
		};
		EE0AEAA5268F39310049A603 /* Debug */ = {
			isa = XCBuildConfiguration;
			buildSettings = {
				ASSETCATALOG_COMPILER_APPICON_NAME = AppIcon;
				ASSETCATALOG_COMPILER_GLOBAL_ACCENT_COLOR_NAME = AccentColor;
				CODE_SIGN_STYLE = Automatic;
				DEVELOPMENT_TEAM = W4FWM87L9U;
				INFOPLIST_FILE = "Koperasi Astra/Info.plist";
				LD_RUNPATH_SEARCH_PATHS = (
					"$(inherited)",
					"@executable_path/Frameworks",
				);
				PRODUCT_BUNDLE_IDENTIFIER = "KoperasiAstra.Koperasi-Astra";
				PRODUCT_NAME = "$(TARGET_NAME)";
				SWIFT_VERSION = 5.0;
				TARGETED_DEVICE_FAMILY = "1,2";
			};
			name = Debug;
		};
		EE0AEAA6268F39310049A603 /* Release */ = {
			isa = XCBuildConfiguration;
			buildSettings = {
				ASSETCATALOG_COMPILER_APPICON_NAME = AppIcon;
				ASSETCATALOG_COMPILER_GLOBAL_ACCENT_COLOR_NAME = AccentColor;
				CODE_SIGN_STYLE = Automatic;
				DEVELOPMENT_TEAM = W4FWM87L9U;
				INFOPLIST_FILE = "Koperasi Astra/Info.plist";
				LD_RUNPATH_SEARCH_PATHS = (
					"$(inherited)",
					"@executable_path/Frameworks",
				);
				PRODUCT_BUNDLE_IDENTIFIER = "KoperasiAstra.Koperasi-Astra";
				PRODUCT_NAME = "$(TARGET_NAME)";
				SWIFT_VERSION = 5.0;
				TARGETED_DEVICE_FAMILY = "1,2";
			};
			name = Release;
		};
/* End XCBuildConfiguration section */

/* Begin XCConfigurationList section */
		EE0AEA8B268F392F0049A603 /* Build configuration list for PBXProject "Koperasi Astra" */ = {
			isa = XCConfigurationList;
			buildConfigurations = (
				EE0AEAA2268F39310049A603 /* Debug */,
				EE0AEAA3268F39310049A603 /* Release */,
			);
			defaultConfigurationIsVisible = 0;
			defaultConfigurationName = Release;
		};
		EE0AEAA4268F39310049A603 /* Build configuration list for PBXNativeTarget "Koperasi Astra" */ = {
			isa = XCConfigurationList;
			buildConfigurations = (
				EE0AEAA5268F39310049A603 /* Debug */,
				EE0AEAA6268F39310049A603 /* Release */,
			);
			defaultConfigurationIsVisible = 0;
			defaultConfigurationName = Release;
		};
/* End XCConfigurationList section */
	};
	rootObject = EE0AEA88268F392F0049A603 /* Project object */;
}
